// !$*UTF8*$!
{
	archiveVersion = 1;
	classes = {
	};
	objectVersion = 51;
	objects = {

/* Begin PBXBuildFile section */
		A806261D274162EB00B562A6 /* ExhibitContainerView.swift in Sources */ = {isa = PBXBuildFile; fileRef = A806261C274162EB00B562A6 /* ExhibitContainerView.swift */; };
		A806262027416DC300B562A6 /* CategoryCollectionHeaderView.swift in Sources */ = {isa = PBXBuildFile; fileRef = A806261F27416DC300B562A6 /* CategoryCollectionHeaderView.swift */; };
		A806262327418F3B00B562A6 /* ExhibitCell.swift in Sources */ = {isa = PBXBuildFile; fileRef = A806262227418F3B00B562A6 /* ExhibitCell.swift */; };
		A80E8F8A276632B100E457FD /* ExhibitionVisitRequest.swift in Sources */ = {isa = PBXBuildFile; fileRef = A80E8F89276632B100E457FD /* ExhibitionVisitRequest.swift */; };
		A80E8F8C27663FD200E457FD /* ExhibitionVisitAlertViewController.swift in Sources */ = {isa = PBXBuildFile; fileRef = A80E8F8B27663FD200E457FD /* ExhibitionVisitAlertViewController.swift */; };
		A813977F272ED6FB00C3A4B8 /* FirstOnboardingViewController.swift in Sources */ = {isa = PBXBuildFile; fileRef = A813977E272ED6FB00C3A4B8 /* FirstOnboardingViewController.swift */; };
		A8139783272F073B00C3A4B8 /* QuestionBtnView.swift in Sources */ = {isa = PBXBuildFile; fileRef = A8139782272F073B00C3A4B8 /* QuestionBtnView.swift */; };
		A8139787272F127D00C3A4B8 /* SecondOnboardingViewController.swift in Sources */ = {isa = PBXBuildFile; fileRef = A8139786272F127D00C3A4B8 /* SecondOnboardingViewController.swift */; };
		A813978A272F168F00C3A4B8 /* ThirdOnboardingViewController.swift in Sources */ = {isa = PBXBuildFile; fileRef = A8139789272F168F00C3A4B8 /* ThirdOnboardingViewController.swift */; };
		A813978D272F17CC00C3A4B8 /* FourthOnboardingViewController.swift in Sources */ = {isa = PBXBuildFile; fileRef = A813978C272F17CC00C3A4B8 /* FourthOnboardingViewController.swift */; };
		A81D0732275A6F1B00740276 /* ExhibitionDateSelectViewController.swift in Sources */ = {isa = PBXBuildFile; fileRef = A81D0731275A6F1B00740276 /* ExhibitionDateSelectViewController.swift */; };
		A82606462727238300939421 /* UIColorExtension.swift in Sources */ = {isa = PBXBuildFile; fileRef = A82606452727238300939421 /* UIColorExtension.swift */; };
		A8260649272726BE00939421 /* LogoContainerView.swift in Sources */ = {isa = PBXBuildFile; fileRef = A8260648272726BE00939421 /* LogoContainerView.swift */; };
		A83AF09027292C5200768224 /* TabBarViewController.swift in Sources */ = {isa = PBXBuildFile; fileRef = A83AF08F27292C5200768224 /* TabBarViewController.swift */; };
		A83AF0952729479F00768224 /* TopContainerView.swift in Sources */ = {isa = PBXBuildFile; fileRef = A83AF0942729479F00768224 /* TopContainerView.swift */; };
		A83AF0982729585C00768224 /* CategoryContainerView.swift in Sources */ = {isa = PBXBuildFile; fileRef = A83AF0972729585C00768224 /* CategoryContainerView.swift */; };
		A83AF09B27295C6900768224 /* CategoryCell.swift in Sources */ = {isa = PBXBuildFile; fileRef = A83AF09A27295C6900768224 /* CategoryCell.swift */; };
		A83AF0A027299B7200768224 /* EarlyBirdContainerView.swift in Sources */ = {isa = PBXBuildFile; fileRef = A83AF09F27299B7200768224 /* EarlyBirdContainerView.swift */; };
		A83AF0A327299CAC00768224 /* EarlyBirdCell.swift in Sources */ = {isa = PBXBuildFile; fileRef = A83AF0A227299CAC00768224 /* EarlyBirdCell.swift */; };
		A8518516274137240029B541 /* ExhibitViewController.swift in Sources */ = {isa = PBXBuildFile; fileRef = A8518515274137240029B541 /* ExhibitViewController.swift */; };
		A851851A2741615B0029B541 /* CustomExhibitToggleView.swift in Sources */ = {isa = PBXBuildFile; fileRef = A85185192741615B0029B541 /* CustomExhibitToggleView.swift */; };
		A8541BA627411588003C7F19 /* UIFontExtension.swift in Sources */ = {isa = PBXBuildFile; fileRef = A8541BA527411588003C7F19 /* UIFontExtension.swift */; };
		A86DB6122747A02E000C9A6E /* ExhibitDetailViewModel.swift in Sources */ = {isa = PBXBuildFile; fileRef = A86DB6112747A02E000C9A6E /* ExhibitDetailViewModel.swift */; };
		A86DB6142747F976000C9A6E /* UIImageExtension.swift in Sources */ = {isa = PBXBuildFile; fileRef = A86DB6132747F976000C9A6E /* UIImageExtension.swift */; };
		A8841305275A0B6200DC764B /* AddExhibitionScheduleViewController.swift in Sources */ = {isa = PBXBuildFile; fileRef = A8841304275A0B6200DC764B /* AddExhibitionScheduleViewController.swift */; };
		A8841307275A150500DC764B /* CalendarCustomTextField.swift in Sources */ = {isa = PBXBuildFile; fileRef = A8841306275A150500DC764B /* CalendarCustomTextField.swift */; };
		A8844DEA275CB2DC0092A71A /* ExhibitionDateSelectViewModel.swift in Sources */ = {isa = PBXBuildFile; fileRef = A8844DE9275CB2DC0092A71A /* ExhibitionDateSelectViewModel.swift */; };
		A8844DEC275CC02B0092A71A /* ExhibitionTimeSelectViewController.swift in Sources */ = {isa = PBXBuildFile; fileRef = A8844DEB275CC02B0092A71A /* ExhibitionTimeSelectViewController.swift */; };
		A8844DEE275CC70F0092A71A /* ExhibitionTimeSelectViewModel.swift in Sources */ = {isa = PBXBuildFile; fileRef = A8844DED275CC70F0092A71A /* ExhibitionTimeSelectViewModel.swift */; };
		A8844DF0275CDD0B0092A71A /* CustomPickerView.swift in Sources */ = {isa = PBXBuildFile; fileRef = A8844DEF275CDD0A0092A71A /* CustomPickerView.swift */; };
		A8844DF2275CF51D0092A71A /* CustomInfoSaveRequest.swift in Sources */ = {isa = PBXBuildFile; fileRef = A8844DF1275CF51D0092A71A /* CustomInfoSaveRequest.swift */; };
		A8844DF4275CFAA50092A71A /* AddExhibitionScheduleViewModel.swift in Sources */ = {isa = PBXBuildFile; fileRef = A8844DF3275CFAA50092A71A /* AddExhibitionScheduleViewModel.swift */; };
		A8844DF6275D194B0092A71A /* SelectUnregisteredExhibitionViewController.swift in Sources */ = {isa = PBXBuildFile; fileRef = A8844DF5275D194B0092A71A /* SelectUnregisteredExhibitionViewController.swift */; };
		A8844DF8275E1FB70092A71A /* SelectUnregisteredExhibitionViewModel.swift in Sources */ = {isa = PBXBuildFile; fileRef = A8844DF7275E1FB70092A71A /* SelectUnregisteredExhibitionViewModel.swift */; };
		A8844DFA275E35BD0092A71A /* BookedInfoSaveRequest.swift in Sources */ = {isa = PBXBuildFile; fileRef = A8844DF9275E35BD0092A71A /* BookedInfoSaveRequest.swift */; };
		A89803B6271D952700319CD7 /* AppDelegate.swift in Sources */ = {isa = PBXBuildFile; fileRef = A89803B5271D952700319CD7 /* AppDelegate.swift */; };
		A89803B8271D952700319CD7 /* SceneDelegate.swift in Sources */ = {isa = PBXBuildFile; fileRef = A89803B7271D952700319CD7 /* SceneDelegate.swift */; };
		A89803BA271D952700319CD7 /* LoginViewController.swift in Sources */ = {isa = PBXBuildFile; fileRef = A89803B9271D952700319CD7 /* LoginViewController.swift */; };
		A89803BF271D952A00319CD7 /* Assets.xcassets in Resources */ = {isa = PBXBuildFile; fileRef = A89803BE271D952A00319CD7 /* Assets.xcassets */; };
		A89803C2271D952A00319CD7 /* LaunchScreen.storyboard in Resources */ = {isa = PBXBuildFile; fileRef = A89803C0271D952A00319CD7 /* LaunchScreen.storyboard */; };
		A8A2039F275952BC0068FBB7 /* CalendarManager.swift in Sources */ = {isa = PBXBuildFile; fileRef = A8A2039E275952BC0068FBB7 /* CalendarManager.swift */; };
		A8A203A2275954770068FBB7 /* Schedules.swift in Sources */ = {isa = PBXBuildFile; fileRef = A8A203A1275954770068FBB7 /* Schedules.swift */; };
		A8A44FAD272D4BB000807BD2 /* UIViewExtension.swift in Sources */ = {isa = PBXBuildFile; fileRef = A8A44FAC272D4BB000807BD2 /* UIViewExtension.swift */; };
		A8A44FB5272D50BA00807BD2 /* Montserrat-Regular.ttf in Resources */ = {isa = PBXBuildFile; fileRef = A8A44FAF272D50B900807BD2 /* Montserrat-Regular.ttf */; };
		A8A44FB6272D50BA00807BD2 /* Montserrat-Bold.ttf in Resources */ = {isa = PBXBuildFile; fileRef = A8A44FB0272D50B900807BD2 /* Montserrat-Bold.ttf */; };
		A8A44FB7272D50BA00807BD2 /* Montserrat-SemiBold.ttf in Resources */ = {isa = PBXBuildFile; fileRef = A8A44FB1272D50BA00807BD2 /* Montserrat-SemiBold.ttf */; };
		A8A44FB8272D50BA00807BD2 /* Montserrat-ExtraBold.ttf in Resources */ = {isa = PBXBuildFile; fileRef = A8A44FB2272D50BA00807BD2 /* Montserrat-ExtraBold.ttf */; };
		A8A44FB9272D50BA00807BD2 /* Montserrat-Medium.ttf in Resources */ = {isa = PBXBuildFile; fileRef = A8A44FB3272D50BA00807BD2 /* Montserrat-Medium.ttf */; };
		A8A44FBA272D50BA00807BD2 /* Montserrat-Black.ttf in Resources */ = {isa = PBXBuildFile; fileRef = A8A44FB4272D50BA00807BD2 /* Montserrat-Black.ttf */; };
		A8A44FBF272D5FE600807BD2 /* StartOnboardingViewController.swift in Sources */ = {isa = PBXBuildFile; fileRef = A8A44FBE272D5FE600807BD2 /* StartOnboardingViewController.swift */; };
		A8AD0885273AE9DD003A793A /* ExhibitDetailViewController.swift in Sources */ = {isa = PBXBuildFile; fileRef = A8AD0884273AE9DD003A793A /* ExhibitDetailViewController.swift */; };
		A8AD088C273B02E4003A793A /* ExhibitImageContainerView.swift in Sources */ = {isa = PBXBuildFile; fileRef = A8AD088B273B02E4003A793A /* ExhibitImageContainerView.swift */; };
		A8AD0890273B02F5003A793A /* ExhibitInfoContainerView.swift in Sources */ = {isa = PBXBuildFile; fileRef = A8AD088F273B02F5003A793A /* ExhibitInfoContainerView.swift */; };
		A8AD0893273B031C003A793A /* ExhibitGuideContainerView.swift in Sources */ = {isa = PBXBuildFile; fileRef = A8AD0892273B031C003A793A /* ExhibitGuideContainerView.swift */; };
		A8AD0896273B0337003A793A /* ExhibitContentContainerView.swift in Sources */ = {isa = PBXBuildFile; fileRef = A8AD0895273B0337003A793A /* ExhibitContentContainerView.swift */; };
		A8AD0899273B049D003A793A /* TicketBookContainerView.swift in Sources */ = {isa = PBXBuildFile; fileRef = A8AD0898273B049D003A793A /* TicketBookContainerView.swift */; };
		A8AD089D273B072C003A793A /* SeparatorView.swift in Sources */ = {isa = PBXBuildFile; fileRef = A8AD089C273B072C003A793A /* SeparatorView.swift */; };
		A8B8E8BE2758C6890008E4C1 /* CalendarViewModel.swift in Sources */ = {isa = PBXBuildFile; fileRef = A8B8E8BD2758C6890008E4C1 /* CalendarViewModel.swift */; };
		A8B8E8C12758DE590008E4C1 /* CalendarCell.swift in Sources */ = {isa = PBXBuildFile; fileRef = A8B8E8C02758DE590008E4C1 /* CalendarCell.swift */; };
		A8B8E8C5275906520008E4C1 /* UnregisteredExhibitionAlertView.swift in Sources */ = {isa = PBXBuildFile; fileRef = A8B8E8C4275906520008E4C1 /* UnregisteredExhibitionAlertView.swift */; };
		A8C718462753948600477A9A /* VariousExhibitionManagers.swift in Sources */ = {isa = PBXBuildFile; fileRef = A8C718452753948600477A9A /* VariousExhibitionManagers.swift */; };
		A8C718482754126D00477A9A /* ExhibitionHandlerProtocol.swift in Sources */ = {isa = PBXBuildFile; fileRef = A8C718472754126D00477A9A /* ExhibitionHandlerProtocol.swift */; };
		A8DA7EC3271F3413009976CF /* LoginButtonContainerView.swift in Sources */ = {isa = PBXBuildFile; fileRef = A8DA7EC2271F3413009976CF /* LoginButtonContainerView.swift */; };
		A8DA7EC8271F383A009976CF /* KakaoLoginManager.swift in Sources */ = {isa = PBXBuildFile; fileRef = A8DA7EC7271F383A009976CF /* KakaoLoginManager.swift */; };
		A8DA7ECC271F3B56009976CF /* GoogleLoginManager.swift in Sources */ = {isa = PBXBuildFile; fileRef = A8DA7ECB271F3B56009976CF /* GoogleLoginManager.swift */; };
		A8DA7ECF271F4060009976CF /* AppleLoginManager.swift in Sources */ = {isa = PBXBuildFile; fileRef = A8DA7ECE271F4060009976CF /* AppleLoginManager.swift */; };
		A8DA7F3427270344009976CF /* EarlyBirdViewController.swift in Sources */ = {isa = PBXBuildFile; fileRef = A8DA7F3327270344009976CF /* EarlyBirdViewController.swift */; };
		A8E6DF34274558F10080137C /* EarlyBirdViewModel.swift in Sources */ = {isa = PBXBuildFile; fileRef = A8E6DF33274558F10080137C /* EarlyBirdViewModel.swift */; };
		A8E6DF36274558FF0080137C /* ExhibitViewModel.swift in Sources */ = {isa = PBXBuildFile; fileRef = A8E6DF35274558FF0080137C /* ExhibitViewModel.swift */; };
		A8E6DF38274559440080137C /* Exhibits.swift in Sources */ = {isa = PBXBuildFile; fileRef = A8E6DF37274559440080137C /* Exhibits.swift */; };
		A8E6DF3A2745598D0080137C /* Observable.swift in Sources */ = {isa = PBXBuildFile; fileRef = A8E6DF392745598D0080137C /* Observable.swift */; };
		A8E6DF3D27455C880080137C /* LoginAPIManager.swift in Sources */ = {isa = PBXBuildFile; fileRef = A8E6DF3C27455C880080137C /* LoginAPIManager.swift */; };
		A8EAC49C274CE9CC00FC5562 /* TokenUtils.swift in Sources */ = {isa = PBXBuildFile; fileRef = A8EAC49B274CE9CC00FC5562 /* TokenUtils.swift */; };
		A8EAC4A2274D5DFC00FC5562 /* ExhibitAPIManager.swift in Sources */ = {isa = PBXBuildFile; fileRef = A8EAC4A1274D5DFC00FC5562 /* ExhibitAPIManager.swift */; };
		A8EAC4A5274D759E00FC5562 /* ExhibitFilterViewModel.swift in Sources */ = {isa = PBXBuildFile; fileRef = A8EAC4A4274D759E00FC5562 /* ExhibitFilterViewModel.swift */; };
		A8EAC4A7274D8F8000FC5562 /* NoticeView.swift in Sources */ = {isa = PBXBuildFile; fileRef = A8EAC4A6274D8F8000FC5562 /* NoticeView.swift */; };
		A8EAC4A9274E39B600FC5562 /* ResetOnboardAlertViewController.swift in Sources */ = {isa = PBXBuildFile; fileRef = A8EAC4A8274E39B600FC5562 /* ResetOnboardAlertViewController.swift */; };
		A8EAC4AC274E4C0300FC5562 /* ExhibitNoticeViewController.swift in Sources */ = {isa = PBXBuildFile; fileRef = A8EAC4AB274E4C0300FC5562 /* ExhibitNoticeViewController.swift */; };
		A8EAC4AE274E4C1900FC5562 /* ExhibitConfirmViewController.swift in Sources */ = {isa = PBXBuildFile; fileRef = A8EAC4AD274E4C1900FC5562 /* ExhibitConfirmViewController.swift */; };
		A8EAC4B8274E7A2000FC5562 /* ExhibitSearchViewController.swift in Sources */ = {isa = PBXBuildFile; fileRef = A8EAC4B7274E7A2000FC5562 /* ExhibitSearchViewController.swift */; };
		A8EAC4BA274E93AA00FC5562 /* ExhibitSearchResultContainerView.swift in Sources */ = {isa = PBXBuildFile; fileRef = A8EAC4B9274E93AA00FC5562 /* ExhibitSearchResultContainerView.swift */; };
		A8EAC4BD274E94A000FC5562 /* ExhibitSearchViewModel.swift in Sources */ = {isa = PBXBuildFile; fileRef = A8EAC4BC274E94A000FC5562 /* ExhibitSearchViewModel.swift */; };
		A8EAC4C0274EA4EF00FC5562 /* OnboardingViewModel.swift in Sources */ = {isa = PBXBuildFile; fileRef = A8EAC4BF274EA4EF00FC5562 /* OnboardingViewModel.swift */; };
		A8EAC4C2274EA50900FC5562 /* OnboardManager.swift in Sources */ = {isa = PBXBuildFile; fileRef = A8EAC4C1274EA50900FC5562 /* OnboardManager.swift */; };
		A8EAC4C5274EA61C00FC5562 /* AnalysisQuestions.swift in Sources */ = {isa = PBXBuildFile; fileRef = A8EAC4C4274EA61C00FC5562 /* AnalysisQuestions.swift */; };
		A8EAC4C8274EA72100FC5562 /* OnboardingAPIManager.swift in Sources */ = {isa = PBXBuildFile; fileRef = A8EAC4C7274EA72100FC5562 /* OnboardingAPIManager.swift */; };
		A8EAC4CA274EA7E200FC5562 /* OnboardingRequest.swift in Sources */ = {isa = PBXBuildFile; fileRef = A8EAC4C9274EA7E200FC5562 /* OnboardingRequest.swift */; };
		A8EAC4CC274EC5EE00FC5562 /* QuestionInsertRequest.swift in Sources */ = {isa = PBXBuildFile; fileRef = A8EAC4CB274EC5EE00FC5562 /* QuestionInsertRequest.swift */; };
		A8EAC4CF274ED0DD00FC5562 /* SearchAPIManager.swift in Sources */ = {isa = PBXBuildFile; fileRef = A8EAC4CE274ED0DD00FC5562 /* SearchAPIManager.swift */; };
		A8EAC4D2274ED12900FC5562 /* SearchedExhibits.swift in Sources */ = {isa = PBXBuildFile; fileRef = A8EAC4D1274ED12900FC5562 /* SearchedExhibits.swift */; };
		A8EAC4D5274F7C6F00FC5562 /* ExhibitFilterAPIManager.swift in Sources */ = {isa = PBXBuildFile; fileRef = A8EAC4D4274F7C6F00FC5562 /* ExhibitFilterAPIManager.swift */; };
		A8EAC4DB274F908000FC5562 /* MyBirdViewController.swift in Sources */ = {isa = PBXBuildFile; fileRef = A8EAC4DA274F908000FC5562 /* MyBirdViewController.swift */; };
		A8EAC4DD274F935900FC5562 /* MyBirdUserInfoView.swift in Sources */ = {isa = PBXBuildFile; fileRef = A8EAC4DC274F935900FC5562 /* MyBirdUserInfoView.swift */; };
		A8EAC4DF274F93AD00FC5562 /* MyBirdReservedExhibitionView.swift in Sources */ = {isa = PBXBuildFile; fileRef = A8EAC4DE274F93AD00FC5562 /* MyBirdReservedExhibitionView.swift */; };
		A8EAC4E1274F93D600FC5562 /* MyBirdFavoriteExhibitionView.swift in Sources */ = {isa = PBXBuildFile; fileRef = A8EAC4E0274F93D600FC5562 /* MyBirdFavoriteExhibitionView.swift */; };
		A8EAC4E3274FA06C00FC5562 /* MyBirdExhibitPreview.swift in Sources */ = {isa = PBXBuildFile; fileRef = A8EAC4E2274FA06C00FC5562 /* MyBirdExhibitPreview.swift */; };
		A8EAC4E5274FB7BA00FC5562 /* FavoriteExhibitDetailViewController.swift in Sources */ = {isa = PBXBuildFile; fileRef = A8EAC4E4274FB7BA00FC5562 /* FavoriteExhibitDetailViewController.swift */; };
		A8EAC4E8274FFE9A00FC5562 /* MyBirdViewModel.swift in Sources */ = {isa = PBXBuildFile; fileRef = A8EAC4E7274FFE9A00FC5562 /* MyBirdViewModel.swift */; };
		A8EAC4EB274FFEE700FC5562 /* MyBirdAPIManager.swift in Sources */ = {isa = PBXBuildFile; fileRef = A8EAC4EA274FFEE700FC5562 /* MyBirdAPIManager.swift */; };
		A8EAC4ED27500C1700FC5562 /* ReservedExhibitViewController.swift in Sources */ = {isa = PBXBuildFile; fileRef = A8EAC4EC27500C1700FC5562 /* ReservedExhibitViewController.swift */; };
		A8EAC4EF27500D9200FC5562 /* ReservedCell.swift in Sources */ = {isa = PBXBuildFile; fileRef = A8EAC4EE27500D9200FC5562 /* ReservedCell.swift */; };
		A8EAC4F227501CBA00FC5562 /* LikeAPIManager.swift in Sources */ = {isa = PBXBuildFile; fileRef = A8EAC4F127501CBA00FC5562 /* LikeAPIManager.swift */; };
		A8EAC4F5275036EB00FC5562 /* ReservedAPIManager.swift in Sources */ = {isa = PBXBuildFile; fileRef = A8EAC4F4275036EB00FC5562 /* ReservedAPIManager.swift */; };
		A8EAC4FA27503D4000FC5562 /* SettingViewController.swift in Sources */ = {isa = PBXBuildFile; fileRef = A8EAC4F927503D4000FC5562 /* SettingViewController.swift */; };
		A8EAC4FC27503D7900FC5562 /* SettingItemView.swift in Sources */ = {isa = PBXBuildFile; fileRef = A8EAC4FB27503D7900FC5562 /* SettingItemView.swift */; };
		A8EAC4FE2750473600FC5562 /* NoticeViewController.swift in Sources */ = {isa = PBXBuildFile; fileRef = A8EAC4FD2750473600FC5562 /* NoticeViewController.swift */; };
		A8EAC5002750477B00FC5562 /* PrivacyViewController.swift in Sources */ = {isa = PBXBuildFile; fileRef = A8EAC4FF2750477B00FC5562 /* PrivacyViewController.swift */; };
		A8EAC502275047D200FC5562 /* TermOfUseViewController.swift in Sources */ = {isa = PBXBuildFile; fileRef = A8EAC501275047D200FC5562 /* TermOfUseViewController.swift */; };
		A8EAC5052750E6CC00FC5562 /* ExhibitConfirmViewModel.swift in Sources */ = {isa = PBXBuildFile; fileRef = A8EAC5042750E6CC00FC5562 /* ExhibitConfirmViewModel.swift */; };
		A8EAC5082750E70100FC5562 /* ExhibitConfirmAPIManager.swift in Sources */ = {isa = PBXBuildFile; fileRef = A8EAC5072750E70100FC5562 /* ExhibitConfirmAPIManager.swift */; };
		A8EAC50B2750F28E00FC5562 /* LogoutAlertViewController.swift in Sources */ = {isa = PBXBuildFile; fileRef = A8EAC50A2750F28E00FC5562 /* LogoutAlertViewController.swift */; };
		A8EAC50D2750F72900FC5562 /* WithdrawalViewController.swift in Sources */ = {isa = PBXBuildFile; fileRef = A8EAC50C2750F72900FC5562 /* WithdrawalViewController.swift */; };
		A8EAC50F2750FD4300FC5562 /* NoticeViewItemView.swift in Sources */ = {isa = PBXBuildFile; fileRef = A8EAC50E2750FD4300FC5562 /* NoticeViewItemView.swift */; };
		A8EAC5112751024B00FC5562 /* NoticeContentView.swift in Sources */ = {isa = PBXBuildFile; fileRef = A8EAC5102751024B00FC5562 /* NoticeContentView.swift */; };
		A8EAC5142751193100FC5562 /* UserInfoAPIManager.swift in Sources */ = {isa = PBXBuildFile; fileRef = A8EAC5132751193100FC5562 /* UserInfoAPIManager.swift */; };
		A8EAC51627511A3B00FC5562 /* UserInfo.swift in Sources */ = {isa = PBXBuildFile; fileRef = A8EAC51527511A3B00FC5562 /* UserInfo.swift */; };
		A8F803DD27567511001C784B /* CalendarViewController.swift in Sources */ = {isa = PBXBuildFile; fileRef = A8F803DC27567511001C784B /* CalendarViewController.swift */; };
		A8FDF1422746B7CF004FB5EE /* LoginViewModel.swift in Sources */ = {isa = PBXBuildFile; fileRef = A8FDF1412746B7CF004FB5EE /* LoginViewModel.swift */; };
		A8FDF1452746CB35004FB5EE /* LoginResponse.swift in Sources */ = {isa = PBXBuildFile; fileRef = A8FDF1442746CB35004FB5EE /* LoginResponse.swift */; };
		A8FDF1472746CE81004FB5EE /* LoginRequest.swift in Sources */ = {isa = PBXBuildFile; fileRef = A8FDF1462746CE81004FB5EE /* LoginRequest.swift */; };
		A8FF870D2742981A00EBC16E /* ExhibitFilterViewController.swift in Sources */ = {isa = PBXBuildFile; fileRef = A8FF870C2742981A00EBC16E /* ExhibitFilterViewController.swift */; };
		A8FF87102743968700EBC16E /* ExhibitFilterContainerView.swift in Sources */ = {isa = PBXBuildFile; fileRef = A8FF870F2743968700EBC16E /* ExhibitFilterContainerView.swift */; };
		A8FF8712274397E000EBC16E /* ExhibitFilterCollectionViewFlowlayout.swift in Sources */ = {isa = PBXBuildFile; fileRef = A8FF8711274397E000EBC16E /* ExhibitFilterCollectionViewFlowlayout.swift */; };
		A8FF87152743992500EBC16E /* ExhibitFilterTypeCell.swift in Sources */ = {isa = PBXBuildFile; fileRef = A8FF87142743992500EBC16E /* ExhibitFilterTypeCell.swift */; };
		AD2B21DB18324903ABD799AE /* Pods_LazyBird.framework in Frameworks */ = {isa = PBXBuildFile; fileRef = BBBDEB27AE26B24621A08ACD /* Pods_LazyBird.framework */; };
/* End PBXBuildFile section */

/* Begin PBXFileReference section */
		92E82EA07E0F491E4077209A /* Pods-LazyBird.debug.xcconfig */ = {isa = PBXFileReference; includeInIndex = 1; lastKnownFileType = text.xcconfig; name = "Pods-LazyBird.debug.xcconfig"; path = "Target Support Files/Pods-LazyBird/Pods-LazyBird.debug.xcconfig"; sourceTree = "<group>"; };
		A806261C274162EB00B562A6 /* ExhibitContainerView.swift */ = {isa = PBXFileReference; lastKnownFileType = sourcecode.swift; path = ExhibitContainerView.swift; sourceTree = "<group>"; };
		A806261F27416DC300B562A6 /* CategoryCollectionHeaderView.swift */ = {isa = PBXFileReference; lastKnownFileType = sourcecode.swift; path = CategoryCollectionHeaderView.swift; sourceTree = "<group>"; };
		A806262227418F3B00B562A6 /* ExhibitCell.swift */ = {isa = PBXFileReference; lastKnownFileType = sourcecode.swift; path = ExhibitCell.swift; sourceTree = "<group>"; };
		A80E8F89276632B100E457FD /* ExhibitionVisitRequest.swift */ = {isa = PBXFileReference; lastKnownFileType = sourcecode.swift; path = ExhibitionVisitRequest.swift; sourceTree = "<group>"; };
		A80E8F8B27663FD200E457FD /* ExhibitionVisitAlertViewController.swift */ = {isa = PBXFileReference; lastKnownFileType = sourcecode.swift; path = ExhibitionVisitAlertViewController.swift; sourceTree = "<group>"; };
		A813977E272ED6FB00C3A4B8 /* FirstOnboardingViewController.swift */ = {isa = PBXFileReference; lastKnownFileType = sourcecode.swift; path = FirstOnboardingViewController.swift; sourceTree = "<group>"; };
		A8139782272F073B00C3A4B8 /* QuestionBtnView.swift */ = {isa = PBXFileReference; lastKnownFileType = sourcecode.swift; path = QuestionBtnView.swift; sourceTree = "<group>"; };
		A8139786272F127D00C3A4B8 /* SecondOnboardingViewController.swift */ = {isa = PBXFileReference; lastKnownFileType = sourcecode.swift; path = SecondOnboardingViewController.swift; sourceTree = "<group>"; };
		A8139789272F168F00C3A4B8 /* ThirdOnboardingViewController.swift */ = {isa = PBXFileReference; lastKnownFileType = sourcecode.swift; path = ThirdOnboardingViewController.swift; sourceTree = "<group>"; };
		A813978C272F17CC00C3A4B8 /* FourthOnboardingViewController.swift */ = {isa = PBXFileReference; lastKnownFileType = sourcecode.swift; path = FourthOnboardingViewController.swift; sourceTree = "<group>"; };
		A81D0731275A6F1B00740276 /* ExhibitionDateSelectViewController.swift */ = {isa = PBXFileReference; lastKnownFileType = sourcecode.swift; path = ExhibitionDateSelectViewController.swift; sourceTree = "<group>"; };
		A82606452727238300939421 /* UIColorExtension.swift */ = {isa = PBXFileReference; lastKnownFileType = sourcecode.swift; path = UIColorExtension.swift; sourceTree = "<group>"; };
		A8260648272726BE00939421 /* LogoContainerView.swift */ = {isa = PBXFileReference; lastKnownFileType = sourcecode.swift; path = LogoContainerView.swift; sourceTree = "<group>"; };
		A83AF08F27292C5200768224 /* TabBarViewController.swift */ = {isa = PBXFileReference; lastKnownFileType = sourcecode.swift; path = TabBarViewController.swift; sourceTree = "<group>"; };
		A83AF0942729479F00768224 /* TopContainerView.swift */ = {isa = PBXFileReference; lastKnownFileType = sourcecode.swift; path = TopContainerView.swift; sourceTree = "<group>"; };
		A83AF0972729585C00768224 /* CategoryContainerView.swift */ = {isa = PBXFileReference; lastKnownFileType = sourcecode.swift; path = CategoryContainerView.swift; sourceTree = "<group>"; };
		A83AF09A27295C6900768224 /* CategoryCell.swift */ = {isa = PBXFileReference; lastKnownFileType = sourcecode.swift; path = CategoryCell.swift; sourceTree = "<group>"; };
		A83AF09F27299B7200768224 /* EarlyBirdContainerView.swift */ = {isa = PBXFileReference; lastKnownFileType = sourcecode.swift; path = EarlyBirdContainerView.swift; sourceTree = "<group>"; };
		A83AF0A227299CAC00768224 /* EarlyBirdCell.swift */ = {isa = PBXFileReference; lastKnownFileType = sourcecode.swift; path = EarlyBirdCell.swift; sourceTree = "<group>"; };
		A8518515274137240029B541 /* ExhibitViewController.swift */ = {isa = PBXFileReference; lastKnownFileType = sourcecode.swift; path = ExhibitViewController.swift; sourceTree = "<group>"; };
		A85185192741615B0029B541 /* CustomExhibitToggleView.swift */ = {isa = PBXFileReference; lastKnownFileType = sourcecode.swift; path = CustomExhibitToggleView.swift; sourceTree = "<group>"; };
		A8541BA527411588003C7F19 /* UIFontExtension.swift */ = {isa = PBXFileReference; lastKnownFileType = sourcecode.swift; path = UIFontExtension.swift; sourceTree = "<group>"; };
		A86DB6112747A02E000C9A6E /* ExhibitDetailViewModel.swift */ = {isa = PBXFileReference; lastKnownFileType = sourcecode.swift; path = ExhibitDetailViewModel.swift; sourceTree = "<group>"; };
		A86DB6132747F976000C9A6E /* UIImageExtension.swift */ = {isa = PBXFileReference; lastKnownFileType = sourcecode.swift; path = UIImageExtension.swift; sourceTree = "<group>"; };
		A8841304275A0B6200DC764B /* AddExhibitionScheduleViewController.swift */ = {isa = PBXFileReference; lastKnownFileType = sourcecode.swift; path = AddExhibitionScheduleViewController.swift; sourceTree = "<group>"; };
		A8841306275A150500DC764B /* CalendarCustomTextField.swift */ = {isa = PBXFileReference; lastKnownFileType = sourcecode.swift; path = CalendarCustomTextField.swift; sourceTree = "<group>"; };
		A8844DE9275CB2DC0092A71A /* ExhibitionDateSelectViewModel.swift */ = {isa = PBXFileReference; lastKnownFileType = sourcecode.swift; path = ExhibitionDateSelectViewModel.swift; sourceTree = "<group>"; };
		A8844DEB275CC02B0092A71A /* ExhibitionTimeSelectViewController.swift */ = {isa = PBXFileReference; lastKnownFileType = sourcecode.swift; path = ExhibitionTimeSelectViewController.swift; sourceTree = "<group>"; };
		A8844DED275CC70F0092A71A /* ExhibitionTimeSelectViewModel.swift */ = {isa = PBXFileReference; lastKnownFileType = sourcecode.swift; path = ExhibitionTimeSelectViewModel.swift; sourceTree = "<group>"; };
		A8844DEF275CDD0A0092A71A /* CustomPickerView.swift */ = {isa = PBXFileReference; lastKnownFileType = sourcecode.swift; path = CustomPickerView.swift; sourceTree = "<group>"; };
		A8844DF1275CF51D0092A71A /* CustomInfoSaveRequest.swift */ = {isa = PBXFileReference; lastKnownFileType = sourcecode.swift; path = CustomInfoSaveRequest.swift; sourceTree = "<group>"; };
		A8844DF3275CFAA50092A71A /* AddExhibitionScheduleViewModel.swift */ = {isa = PBXFileReference; lastKnownFileType = sourcecode.swift; path = AddExhibitionScheduleViewModel.swift; sourceTree = "<group>"; };
		A8844DF5275D194B0092A71A /* SelectUnregisteredExhibitionViewController.swift */ = {isa = PBXFileReference; lastKnownFileType = sourcecode.swift; path = SelectUnregisteredExhibitionViewController.swift; sourceTree = "<group>"; };
		A8844DF7275E1FB70092A71A /* SelectUnregisteredExhibitionViewModel.swift */ = {isa = PBXFileReference; lastKnownFileType = sourcecode.swift; path = SelectUnregisteredExhibitionViewModel.swift; sourceTree = "<group>"; };
		A8844DF9275E35BD0092A71A /* BookedInfoSaveRequest.swift */ = {isa = PBXFileReference; lastKnownFileType = sourcecode.swift; path = BookedInfoSaveRequest.swift; sourceTree = "<group>"; };
		A89803B2271D952700319CD7 /* LazyBird.app */ = {isa = PBXFileReference; explicitFileType = wrapper.application; includeInIndex = 0; path = LazyBird.app; sourceTree = BUILT_PRODUCTS_DIR; };
		A89803B5271D952700319CD7 /* AppDelegate.swift */ = {isa = PBXFileReference; lastKnownFileType = sourcecode.swift; path = AppDelegate.swift; sourceTree = "<group>"; };
		A89803B7271D952700319CD7 /* SceneDelegate.swift */ = {isa = PBXFileReference; lastKnownFileType = sourcecode.swift; path = SceneDelegate.swift; sourceTree = "<group>"; };
		A89803B9271D952700319CD7 /* LoginViewController.swift */ = {isa = PBXFileReference; lastKnownFileType = sourcecode.swift; path = LoginViewController.swift; sourceTree = "<group>"; };
		A89803BE271D952A00319CD7 /* Assets.xcassets */ = {isa = PBXFileReference; lastKnownFileType = folder.assetcatalog; path = Assets.xcassets; sourceTree = "<group>"; };
		A89803C1271D952A00319CD7 /* Base */ = {isa = PBXFileReference; lastKnownFileType = file.storyboard; name = Base; path = Base.lproj/LaunchScreen.storyboard; sourceTree = "<group>"; };
		A89803C3271D952A00319CD7 /* Info.plist */ = {isa = PBXFileReference; lastKnownFileType = text.plist.xml; path = Info.plist; sourceTree = "<group>"; };
		A89803D2271DA44100319CD7 /* LazyBird.entitlements */ = {isa = PBXFileReference; lastKnownFileType = text.plist.entitlements; path = LazyBird.entitlements; sourceTree = "<group>"; };
		A8A2039E275952BC0068FBB7 /* CalendarManager.swift */ = {isa = PBXFileReference; lastKnownFileType = sourcecode.swift; path = CalendarManager.swift; sourceTree = "<group>"; };
		A8A203A1275954770068FBB7 /* Schedules.swift */ = {isa = PBXFileReference; lastKnownFileType = sourcecode.swift; path = Schedules.swift; sourceTree = "<group>"; };
		A8A44FAC272D4BB000807BD2 /* UIViewExtension.swift */ = {isa = PBXFileReference; lastKnownFileType = sourcecode.swift; path = UIViewExtension.swift; sourceTree = "<group>"; };
		A8A44FAF272D50B900807BD2 /* Montserrat-Regular.ttf */ = {isa = PBXFileReference; lastKnownFileType = file; path = "Montserrat-Regular.ttf"; sourceTree = "<group>"; };
		A8A44FB0272D50B900807BD2 /* Montserrat-Bold.ttf */ = {isa = PBXFileReference; lastKnownFileType = file; path = "Montserrat-Bold.ttf"; sourceTree = "<group>"; };
		A8A44FB1272D50BA00807BD2 /* Montserrat-SemiBold.ttf */ = {isa = PBXFileReference; lastKnownFileType = file; path = "Montserrat-SemiBold.ttf"; sourceTree = "<group>"; };
		A8A44FB2272D50BA00807BD2 /* Montserrat-ExtraBold.ttf */ = {isa = PBXFileReference; lastKnownFileType = file; path = "Montserrat-ExtraBold.ttf"; sourceTree = "<group>"; };
		A8A44FB3272D50BA00807BD2 /* Montserrat-Medium.ttf */ = {isa = PBXFileReference; lastKnownFileType = file; path = "Montserrat-Medium.ttf"; sourceTree = "<group>"; };
		A8A44FB4272D50BA00807BD2 /* Montserrat-Black.ttf */ = {isa = PBXFileReference; lastKnownFileType = file; path = "Montserrat-Black.ttf"; sourceTree = "<group>"; };
		A8A44FBE272D5FE600807BD2 /* StartOnboardingViewController.swift */ = {isa = PBXFileReference; lastKnownFileType = sourcecode.swift; path = StartOnboardingViewController.swift; sourceTree = "<group>"; };
		A8AD0884273AE9DD003A793A /* ExhibitDetailViewController.swift */ = {isa = PBXFileReference; lastKnownFileType = sourcecode.swift; path = ExhibitDetailViewController.swift; sourceTree = "<group>"; };
		A8AD088B273B02E4003A793A /* ExhibitImageContainerView.swift */ = {isa = PBXFileReference; lastKnownFileType = sourcecode.swift; path = ExhibitImageContainerView.swift; sourceTree = "<group>"; };
		A8AD088F273B02F5003A793A /* ExhibitInfoContainerView.swift */ = {isa = PBXFileReference; lastKnownFileType = sourcecode.swift; path = ExhibitInfoContainerView.swift; sourceTree = "<group>"; };
		A8AD0892273B031C003A793A /* ExhibitGuideContainerView.swift */ = {isa = PBXFileReference; lastKnownFileType = sourcecode.swift; path = ExhibitGuideContainerView.swift; sourceTree = "<group>"; };
		A8AD0895273B0337003A793A /* ExhibitContentContainerView.swift */ = {isa = PBXFileReference; lastKnownFileType = sourcecode.swift; path = ExhibitContentContainerView.swift; sourceTree = "<group>"; };
		A8AD0898273B049D003A793A /* TicketBookContainerView.swift */ = {isa = PBXFileReference; lastKnownFileType = sourcecode.swift; path = TicketBookContainerView.swift; sourceTree = "<group>"; };
		A8AD089C273B072C003A793A /* SeparatorView.swift */ = {isa = PBXFileReference; lastKnownFileType = sourcecode.swift; path = SeparatorView.swift; sourceTree = "<group>"; };
		A8B8E8BD2758C6890008E4C1 /* CalendarViewModel.swift */ = {isa = PBXFileReference; lastKnownFileType = sourcecode.swift; path = CalendarViewModel.swift; sourceTree = "<group>"; };
		A8B8E8C02758DE590008E4C1 /* CalendarCell.swift */ = {isa = PBXFileReference; lastKnownFileType = sourcecode.swift; path = CalendarCell.swift; sourceTree = "<group>"; };
		A8B8E8C4275906520008E4C1 /* UnregisteredExhibitionAlertView.swift */ = {isa = PBXFileReference; lastKnownFileType = sourcecode.swift; path = UnregisteredExhibitionAlertView.swift; sourceTree = "<group>"; };
		A8C718452753948600477A9A /* VariousExhibitionManagers.swift */ = {isa = PBXFileReference; lastKnownFileType = sourcecode.swift; path = VariousExhibitionManagers.swift; sourceTree = "<group>"; };
		A8C718472754126D00477A9A /* ExhibitionHandlerProtocol.swift */ = {isa = PBXFileReference; lastKnownFileType = sourcecode.swift; path = ExhibitionHandlerProtocol.swift; sourceTree = "<group>"; };
		A8DA7EC2271F3413009976CF /* LoginButtonContainerView.swift */ = {isa = PBXFileReference; lastKnownFileType = sourcecode.swift; path = LoginButtonContainerView.swift; sourceTree = "<group>"; };
		A8DA7EC7271F383A009976CF /* KakaoLoginManager.swift */ = {isa = PBXFileReference; lastKnownFileType = sourcecode.swift; path = KakaoLoginManager.swift; sourceTree = "<group>"; };
		A8DA7ECB271F3B56009976CF /* GoogleLoginManager.swift */ = {isa = PBXFileReference; lastKnownFileType = sourcecode.swift; path = GoogleLoginManager.swift; sourceTree = "<group>"; };
		A8DA7ECE271F4060009976CF /* AppleLoginManager.swift */ = {isa = PBXFileReference; lastKnownFileType = sourcecode.swift; path = AppleLoginManager.swift; sourceTree = "<group>"; };
		A8DA7F3327270344009976CF /* EarlyBirdViewController.swift */ = {isa = PBXFileReference; lastKnownFileType = sourcecode.swift; path = EarlyBirdViewController.swift; sourceTree = "<group>"; };
		A8E6DF33274558F10080137C /* EarlyBirdViewModel.swift */ = {isa = PBXFileReference; lastKnownFileType = sourcecode.swift; path = EarlyBirdViewModel.swift; sourceTree = "<group>"; };
		A8E6DF35274558FF0080137C /* ExhibitViewModel.swift */ = {isa = PBXFileReference; lastKnownFileType = sourcecode.swift; path = ExhibitViewModel.swift; sourceTree = "<group>"; };
		A8E6DF37274559440080137C /* Exhibits.swift */ = {isa = PBXFileReference; lastKnownFileType = sourcecode.swift; path = Exhibits.swift; sourceTree = "<group>"; };
		A8E6DF392745598D0080137C /* Observable.swift */ = {isa = PBXFileReference; lastKnownFileType = sourcecode.swift; path = Observable.swift; sourceTree = "<group>"; };
		A8E6DF3C27455C880080137C /* LoginAPIManager.swift */ = {isa = PBXFileReference; lastKnownFileType = sourcecode.swift; path = LoginAPIManager.swift; sourceTree = "<group>"; };
		A8EAC49B274CE9CC00FC5562 /* TokenUtils.swift */ = {isa = PBXFileReference; lastKnownFileType = sourcecode.swift; path = TokenUtils.swift; sourceTree = "<group>"; };
		A8EAC4A1274D5DFC00FC5562 /* ExhibitAPIManager.swift */ = {isa = PBXFileReference; lastKnownFileType = sourcecode.swift; path = ExhibitAPIManager.swift; sourceTree = "<group>"; };
		A8EAC4A4274D759E00FC5562 /* ExhibitFilterViewModel.swift */ = {isa = PBXFileReference; lastKnownFileType = sourcecode.swift; path = ExhibitFilterViewModel.swift; sourceTree = "<group>"; };
		A8EAC4A6274D8F8000FC5562 /* NoticeView.swift */ = {isa = PBXFileReference; lastKnownFileType = sourcecode.swift; path = NoticeView.swift; sourceTree = "<group>"; };
		A8EAC4A8274E39B600FC5562 /* ResetOnboardAlertViewController.swift */ = {isa = PBXFileReference; lastKnownFileType = sourcecode.swift; path = ResetOnboardAlertViewController.swift; sourceTree = "<group>"; };
		A8EAC4AB274E4C0300FC5562 /* ExhibitNoticeViewController.swift */ = {isa = PBXFileReference; lastKnownFileType = sourcecode.swift; path = ExhibitNoticeViewController.swift; sourceTree = "<group>"; };
		A8EAC4AD274E4C1900FC5562 /* ExhibitConfirmViewController.swift */ = {isa = PBXFileReference; lastKnownFileType = sourcecode.swift; path = ExhibitConfirmViewController.swift; sourceTree = "<group>"; };
		A8EAC4B7274E7A2000FC5562 /* ExhibitSearchViewController.swift */ = {isa = PBXFileReference; lastKnownFileType = sourcecode.swift; path = ExhibitSearchViewController.swift; sourceTree = "<group>"; };
		A8EAC4B9274E93AA00FC5562 /* ExhibitSearchResultContainerView.swift */ = {isa = PBXFileReference; lastKnownFileType = sourcecode.swift; path = ExhibitSearchResultContainerView.swift; sourceTree = "<group>"; };
		A8EAC4BC274E94A000FC5562 /* ExhibitSearchViewModel.swift */ = {isa = PBXFileReference; lastKnownFileType = sourcecode.swift; path = ExhibitSearchViewModel.swift; sourceTree = "<group>"; };
		A8EAC4BF274EA4EF00FC5562 /* OnboardingViewModel.swift */ = {isa = PBXFileReference; lastKnownFileType = sourcecode.swift; path = OnboardingViewModel.swift; sourceTree = "<group>"; };
		A8EAC4C1274EA50900FC5562 /* OnboardManager.swift */ = {isa = PBXFileReference; lastKnownFileType = sourcecode.swift; path = OnboardManager.swift; sourceTree = "<group>"; };
		A8EAC4C4274EA61C00FC5562 /* AnalysisQuestions.swift */ = {isa = PBXFileReference; lastKnownFileType = sourcecode.swift; path = AnalysisQuestions.swift; sourceTree = "<group>"; };
		A8EAC4C7274EA72100FC5562 /* OnboardingAPIManager.swift */ = {isa = PBXFileReference; lastKnownFileType = sourcecode.swift; path = OnboardingAPIManager.swift; sourceTree = "<group>"; };
		A8EAC4C9274EA7E200FC5562 /* OnboardingRequest.swift */ = {isa = PBXFileReference; lastKnownFileType = sourcecode.swift; path = OnboardingRequest.swift; sourceTree = "<group>"; };
		A8EAC4CB274EC5EE00FC5562 /* QuestionInsertRequest.swift */ = {isa = PBXFileReference; lastKnownFileType = sourcecode.swift; path = QuestionInsertRequest.swift; sourceTree = "<group>"; };
		A8EAC4CE274ED0DD00FC5562 /* SearchAPIManager.swift */ = {isa = PBXFileReference; lastKnownFileType = sourcecode.swift; path = SearchAPIManager.swift; sourceTree = "<group>"; };
		A8EAC4D1274ED12900FC5562 /* SearchedExhibits.swift */ = {isa = PBXFileReference; lastKnownFileType = sourcecode.swift; path = SearchedExhibits.swift; sourceTree = "<group>"; };
		A8EAC4D4274F7C6F00FC5562 /* ExhibitFilterAPIManager.swift */ = {isa = PBXFileReference; lastKnownFileType = sourcecode.swift; path = ExhibitFilterAPIManager.swift; sourceTree = "<group>"; };
		A8EAC4DA274F908000FC5562 /* MyBirdViewController.swift */ = {isa = PBXFileReference; lastKnownFileType = sourcecode.swift; path = MyBirdViewController.swift; sourceTree = "<group>"; };
		A8EAC4DC274F935900FC5562 /* MyBirdUserInfoView.swift */ = {isa = PBXFileReference; lastKnownFileType = sourcecode.swift; path = MyBirdUserInfoView.swift; sourceTree = "<group>"; };
		A8EAC4DE274F93AD00FC5562 /* MyBirdReservedExhibitionView.swift */ = {isa = PBXFileReference; lastKnownFileType = sourcecode.swift; path = MyBirdReservedExhibitionView.swift; sourceTree = "<group>"; };
		A8EAC4E0274F93D600FC5562 /* MyBirdFavoriteExhibitionView.swift */ = {isa = PBXFileReference; lastKnownFileType = sourcecode.swift; path = MyBirdFavoriteExhibitionView.swift; sourceTree = "<group>"; };
		A8EAC4E2274FA06C00FC5562 /* MyBirdExhibitPreview.swift */ = {isa = PBXFileReference; lastKnownFileType = sourcecode.swift; path = MyBirdExhibitPreview.swift; sourceTree = "<group>"; };
		A8EAC4E4274FB7BA00FC5562 /* FavoriteExhibitDetailViewController.swift */ = {isa = PBXFileReference; lastKnownFileType = sourcecode.swift; path = FavoriteExhibitDetailViewController.swift; sourceTree = "<group>"; };
		A8EAC4E7274FFE9A00FC5562 /* MyBirdViewModel.swift */ = {isa = PBXFileReference; lastKnownFileType = sourcecode.swift; path = MyBirdViewModel.swift; sourceTree = "<group>"; };
		A8EAC4EA274FFEE700FC5562 /* MyBirdAPIManager.swift */ = {isa = PBXFileReference; lastKnownFileType = sourcecode.swift; path = MyBirdAPIManager.swift; sourceTree = "<group>"; };
		A8EAC4EC27500C1700FC5562 /* ReservedExhibitViewController.swift */ = {isa = PBXFileReference; lastKnownFileType = sourcecode.swift; path = ReservedExhibitViewController.swift; sourceTree = "<group>"; };
		A8EAC4EE27500D9200FC5562 /* ReservedCell.swift */ = {isa = PBXFileReference; lastKnownFileType = sourcecode.swift; path = ReservedCell.swift; sourceTree = "<group>"; };
		A8EAC4F127501CBA00FC5562 /* LikeAPIManager.swift */ = {isa = PBXFileReference; lastKnownFileType = sourcecode.swift; path = LikeAPIManager.swift; sourceTree = "<group>"; };
		A8EAC4F4275036EB00FC5562 /* ReservedAPIManager.swift */ = {isa = PBXFileReference; lastKnownFileType = sourcecode.swift; path = ReservedAPIManager.swift; sourceTree = "<group>"; };
		A8EAC4F927503D4000FC5562 /* SettingViewController.swift */ = {isa = PBXFileReference; lastKnownFileType = sourcecode.swift; path = SettingViewController.swift; sourceTree = "<group>"; };
		A8EAC4FB27503D7900FC5562 /* SettingItemView.swift */ = {isa = PBXFileReference; lastKnownFileType = sourcecode.swift; path = SettingItemView.swift; sourceTree = "<group>"; };
		A8EAC4FD2750473600FC5562 /* NoticeViewController.swift */ = {isa = PBXFileReference; lastKnownFileType = sourcecode.swift; path = NoticeViewController.swift; sourceTree = "<group>"; };
		A8EAC4FF2750477B00FC5562 /* PrivacyViewController.swift */ = {isa = PBXFileReference; lastKnownFileType = sourcecode.swift; path = PrivacyViewController.swift; sourceTree = "<group>"; };
		A8EAC501275047D200FC5562 /* TermOfUseViewController.swift */ = {isa = PBXFileReference; lastKnownFileType = sourcecode.swift; path = TermOfUseViewController.swift; sourceTree = "<group>"; };
		A8EAC5042750E6CC00FC5562 /* ExhibitConfirmViewModel.swift */ = {isa = PBXFileReference; lastKnownFileType = sourcecode.swift; path = ExhibitConfirmViewModel.swift; sourceTree = "<group>"; };
		A8EAC5072750E70100FC5562 /* ExhibitConfirmAPIManager.swift */ = {isa = PBXFileReference; lastKnownFileType = sourcecode.swift; path = ExhibitConfirmAPIManager.swift; sourceTree = "<group>"; };
		A8EAC50A2750F28E00FC5562 /* LogoutAlertViewController.swift */ = {isa = PBXFileReference; lastKnownFileType = sourcecode.swift; path = LogoutAlertViewController.swift; sourceTree = "<group>"; };
		A8EAC50C2750F72900FC5562 /* WithdrawalViewController.swift */ = {isa = PBXFileReference; lastKnownFileType = sourcecode.swift; path = WithdrawalViewController.swift; sourceTree = "<group>"; };
		A8EAC50E2750FD4300FC5562 /* NoticeViewItemView.swift */ = {isa = PBXFileReference; lastKnownFileType = sourcecode.swift; path = NoticeViewItemView.swift; sourceTree = "<group>"; };
		A8EAC5102751024B00FC5562 /* NoticeContentView.swift */ = {isa = PBXFileReference; lastKnownFileType = sourcecode.swift; path = NoticeContentView.swift; sourceTree = "<group>"; };
		A8EAC5132751193100FC5562 /* UserInfoAPIManager.swift */ = {isa = PBXFileReference; lastKnownFileType = sourcecode.swift; path = UserInfoAPIManager.swift; sourceTree = "<group>"; };
		A8EAC51527511A3B00FC5562 /* UserInfo.swift */ = {isa = PBXFileReference; lastKnownFileType = sourcecode.swift; path = UserInfo.swift; sourceTree = "<group>"; };
		A8F803DC27567511001C784B /* CalendarViewController.swift */ = {isa = PBXFileReference; lastKnownFileType = sourcecode.swift; path = CalendarViewController.swift; sourceTree = "<group>"; };
		A8FDF1412746B7CF004FB5EE /* LoginViewModel.swift */ = {isa = PBXFileReference; lastKnownFileType = sourcecode.swift; path = LoginViewModel.swift; sourceTree = "<group>"; };
		A8FDF1442746CB35004FB5EE /* LoginResponse.swift */ = {isa = PBXFileReference; lastKnownFileType = sourcecode.swift; path = LoginResponse.swift; sourceTree = "<group>"; };
		A8FDF1462746CE81004FB5EE /* LoginRequest.swift */ = {isa = PBXFileReference; lastKnownFileType = sourcecode.swift; path = LoginRequest.swift; sourceTree = "<group>"; };
		A8FF870C2742981A00EBC16E /* ExhibitFilterViewController.swift */ = {isa = PBXFileReference; lastKnownFileType = sourcecode.swift; path = ExhibitFilterViewController.swift; sourceTree = "<group>"; };
		A8FF870F2743968700EBC16E /* ExhibitFilterContainerView.swift */ = {isa = PBXFileReference; lastKnownFileType = sourcecode.swift; path = ExhibitFilterContainerView.swift; sourceTree = "<group>"; };
		A8FF8711274397E000EBC16E /* ExhibitFilterCollectionViewFlowlayout.swift */ = {isa = PBXFileReference; lastKnownFileType = sourcecode.swift; path = ExhibitFilterCollectionViewFlowlayout.swift; sourceTree = "<group>"; };
		A8FF87142743992500EBC16E /* ExhibitFilterTypeCell.swift */ = {isa = PBXFileReference; lastKnownFileType = sourcecode.swift; path = ExhibitFilterTypeCell.swift; sourceTree = "<group>"; };
		BBBDEB27AE26B24621A08ACD /* Pods_LazyBird.framework */ = {isa = PBXFileReference; explicitFileType = wrapper.framework; includeInIndex = 0; path = Pods_LazyBird.framework; sourceTree = BUILT_PRODUCTS_DIR; };
		FB0367A31ABB7DEF9D9DEAD2 /* Pods-LazyBird.release.xcconfig */ = {isa = PBXFileReference; includeInIndex = 1; lastKnownFileType = text.xcconfig; name = "Pods-LazyBird.release.xcconfig"; path = "Target Support Files/Pods-LazyBird/Pods-LazyBird.release.xcconfig"; sourceTree = "<group>"; };
/* End PBXFileReference section */

/* Begin PBXFrameworksBuildPhase section */
		A89803AF271D952700319CD7 /* Frameworks */ = {
			isa = PBXFrameworksBuildPhase;
			buildActionMask = 2147483647;
			files = (
				AD2B21DB18324903ABD799AE /* Pods_LazyBird.framework in Frameworks */,
			);
			runOnlyForDeploymentPostprocessing = 0;
		};
/* End PBXFrameworksBuildPhase section */

/* Begin PBXGroup section */
		205F1C8E77F40B2A50D75F24 /* Pods */ = {
			isa = PBXGroup;
			children = (
				92E82EA07E0F491E4077209A /* Pods-LazyBird.debug.xcconfig */,
				FB0367A31ABB7DEF9D9DEAD2 /* Pods-LazyBird.release.xcconfig */,
			);
			path = Pods;
			sourceTree = "<group>";
		};
		A8139781272F06C100C3A4B8 /* Views */ = {
			isa = PBXGroup;
			children = (
				A8139782272F073B00C3A4B8 /* QuestionBtnView.swift */,
			);
			path = Views;
			sourceTree = "<group>";
		};
		A83AF0842729289E00768224 /* Scene */ = {
			isa = PBXGroup;
			children = (
				A84E95F42748DC1900CF33C0 /* ExhibitNotice */,
				A8DA7EBE271F3213009976CF /* Login */,
				A8A44FBC272D598300807BD2 /* OnBoarding */,
				A8DA7F30272702D5009976CF /* EarlyBird */,
				A8518511274136620029B541 /* Exhibit */,
				A8FF870A274297D900EBC16E /* ExhibitFilter */,
				A8AD0882273AE99A003A793A /* ExhibitDetail */,
				A8EAC4B3274E79E200FC5562 /* ExhibitSearch */,
				A8EAC4D6274F8FFC00FC5562 /* MyBird */,
				A8EAC4F627503C3500FC5562 /* Setting */,
				A8F803DB275674E7001C784B /* Calender */,
				A83AF08A27292B5A00768224 /* Tabbar */,
			);
			path = Scene;
			sourceTree = "<group>";
		};
		A83AF08A27292B5A00768224 /* Tabbar */ = {
			isa = PBXGroup;
			children = (
				A83AF08F27292C5200768224 /* TabBarViewController.swift */,
			);
			path = Tabbar;
			sourceTree = "<group>";
		};
		A84E95F42748DC1900CF33C0 /* ExhibitNotice */ = {
			isa = PBXGroup;
			children = (
				A8EAC4AF274E518A00FC5562 /* Controllers */,
			);
			path = ExhibitNotice;
			sourceTree = "<group>";
		};
		A8518511274136620029B541 /* Exhibit */ = {
			isa = PBXGroup;
			children = (
				A8518512274136790029B541 /* Controllers */,
				A85185132741367E0029B541 /* Views */,
				A8518514274136880029B541 /* Cells */,
			);
			path = Exhibit;
			sourceTree = "<group>";
		};
		A8518512274136790029B541 /* Controllers */ = {
			isa = PBXGroup;
			children = (
				A8518515274137240029B541 /* ExhibitViewController.swift */,
				A8EAC4A8274E39B600FC5562 /* ResetOnboardAlertViewController.swift */,
			);
			path = Controllers;
			sourceTree = "<group>";
		};
		A85185132741367E0029B541 /* Views */ = {
			isa = PBXGroup;
			children = (
				A85185192741615B0029B541 /* CustomExhibitToggleView.swift */,
				A83AF0972729585C00768224 /* CategoryContainerView.swift */,
				A806261C274162EB00B562A6 /* ExhibitContainerView.swift */,
				A806261F27416DC300B562A6 /* CategoryCollectionHeaderView.swift */,
			);
			path = Views;
			sourceTree = "<group>";
		};
		A8518514274136880029B541 /* Cells */ = {
			isa = PBXGroup;
			children = (
				A83AF09A27295C6900768224 /* CategoryCell.swift */,
				A806262227418F3B00B562A6 /* ExhibitCell.swift */,
			);
			path = Cells;
			sourceTree = "<group>";
		};
		A86DB61027479FD3000C9A6E /* ExhibitDetail */ = {
			isa = PBXGroup;
			children = (
				A86DB6112747A02E000C9A6E /* ExhibitDetailViewModel.swift */,
			);
			path = ExhibitDetail;
			sourceTree = "<group>";
		};
		A89803A9271D952700319CD7 = {
			isa = PBXGroup;
			children = (
				A89803B4271D952700319CD7 /* LazyBird */,
				A89803B3271D952700319CD7 /* Products */,
				205F1C8E77F40B2A50D75F24 /* Pods */,
				D275028BFDFD0F9FE77C07E0 /* Frameworks */,
			);
			sourceTree = "<group>";
		};
		A89803B3271D952700319CD7 /* Products */ = {
			isa = PBXGroup;
			children = (
				A89803B2271D952700319CD7 /* LazyBird.app */,
			);
			name = Products;
			sourceTree = "<group>";
		};
		A89803B4271D952700319CD7 /* LazyBird */ = {
			isa = PBXGroup;
			children = (
				A8DA7F0B2723500E009976CF /* Applications */,
				A8DA7EA8271EE32E009976CF /* Resource */,
				A8DA7EC5271F3818009976CF /* Network */,
				A8DA7F1B2723DCBA009976CF /* Sources */,
				A89803D2271DA44100319CD7 /* LazyBird.entitlements */,
			);
			path = LazyBird;
			sourceTree = "<group>";
		};
		A8A2039D275952A50068FBB7 /* Calendar */ = {
			isa = PBXGroup;
			children = (
				A8A2039E275952BC0068FBB7 /* CalendarManager.swift */,
			);
			path = Calendar;
			sourceTree = "<group>";
		};
		A8A203A0275954250068FBB7 /* Calendar */ = {
			isa = PBXGroup;
			children = (
				A8A203A1275954770068FBB7 /* Schedules.swift */,
				A8844DF1275CF51D0092A71A /* CustomInfoSaveRequest.swift */,
				A8844DF9275E35BD0092A71A /* BookedInfoSaveRequest.swift */,
				A80E8F89276632B100E457FD /* ExhibitionVisitRequest.swift */,
			);
			path = Calendar;
			sourceTree = "<group>";
		};
		A8A44FA6272B0CDE00807BD2 /* Cells */ = {
			isa = PBXGroup;
			children = (
				A83AF0A227299CAC00768224 /* EarlyBirdCell.swift */,
			);
			path = Cells;
			sourceTree = "<group>";
		};
		A8A44FBC272D598300807BD2 /* OnBoarding */ = {
			isa = PBXGroup;
			children = (
				A8A44FC2272D601200807BD2 /* Controllers */,
				A8139781272F06C100C3A4B8 /* Views */,
			);
			path = OnBoarding;
			sourceTree = "<group>";
		};
		A8A44FC2272D601200807BD2 /* Controllers */ = {
			isa = PBXGroup;
			children = (
				A8A44FBE272D5FE600807BD2 /* StartOnboardingViewController.swift */,
				A813977E272ED6FB00C3A4B8 /* FirstOnboardingViewController.swift */,
				A8139786272F127D00C3A4B8 /* SecondOnboardingViewController.swift */,
				A8139789272F168F00C3A4B8 /* ThirdOnboardingViewController.swift */,
				A813978C272F17CC00C3A4B8 /* FourthOnboardingViewController.swift */,
			);
			path = Controllers;
			sourceTree = "<group>";
		};
		A8AD0882273AE99A003A793A /* ExhibitDetail */ = {
			isa = PBXGroup;
			children = (
				A8AD0883273AE9B0003A793A /* Controllers */,
				A8AD088A273B02A8003A793A /* Views */,
			);
			path = ExhibitDetail;
			sourceTree = "<group>";
		};
		A8AD0883273AE9B0003A793A /* Controllers */ = {
			isa = PBXGroup;
			children = (
				A8AD0884273AE9DD003A793A /* ExhibitDetailViewController.swift */,
			);
			path = Controllers;
			sourceTree = "<group>";
		};
		A8AD088A273B02A8003A793A /* Views */ = {
			isa = PBXGroup;
			children = (
				A8AD088B273B02E4003A793A /* ExhibitImageContainerView.swift */,
				A8AD088F273B02F5003A793A /* ExhibitInfoContainerView.swift */,
				A8AD0892273B031C003A793A /* ExhibitGuideContainerView.swift */,
				A8AD0895273B0337003A793A /* ExhibitContentContainerView.swift */,
				A8AD0898273B049D003A793A /* TicketBookContainerView.swift */,
				A8AD089C273B072C003A793A /* SeparatorView.swift */,
				A8EAC4A6274D8F8000FC5562 /* NoticeView.swift */,
			);
			path = Views;
			sourceTree = "<group>";
		};
		A8B8E8BC2758C66C0008E4C1 /* Calendar */ = {
			isa = PBXGroup;
			children = (
				A8B8E8BD2758C6890008E4C1 /* CalendarViewModel.swift */,
				A8844DF3275CFAA50092A71A /* AddExhibitionScheduleViewModel.swift */,
				A8844DF7275E1FB70092A71A /* SelectUnregisteredExhibitionViewModel.swift */,
				A8844DE9275CB2DC0092A71A /* ExhibitionDateSelectViewModel.swift */,
				A8844DED275CC70F0092A71A /* ExhibitionTimeSelectViewModel.swift */,
			);
			path = Calendar;
			sourceTree = "<group>";
		};
		A8B8E8BF2758DE3C0008E4C1 /* Cell */ = {
			isa = PBXGroup;
			children = (
				A8B8E8C02758DE590008E4C1 /* CalendarCell.swift */,
			);
			path = Cell;
			sourceTree = "<group>";
		};
		A8B8E8C2275906050008E4C1 /* Controllers */ = {
			isa = PBXGroup;
			children = (
				A8F803DC27567511001C784B /* CalendarViewController.swift */,
				A8841304275A0B6200DC764B /* AddExhibitionScheduleViewController.swift */,
				A8844DF5275D194B0092A71A /* SelectUnregisteredExhibitionViewController.swift */,
				A81D0731275A6F1B00740276 /* ExhibitionDateSelectViewController.swift */,
				A8844DEB275CC02B0092A71A /* ExhibitionTimeSelectViewController.swift */,
				A80E8F8B27663FD200E457FD /* ExhibitionVisitAlertViewController.swift */,
			);
			path = Controllers;
			sourceTree = "<group>";
		};
		A8B8E8C32759060F0008E4C1 /* Views */ = {
			isa = PBXGroup;
			children = (
				A8B8E8C4275906520008E4C1 /* UnregisteredExhibitionAlertView.swift */,
				A8841306275A150500DC764B /* CalendarCustomTextField.swift */,
				A8844DEF275CDD0A0092A71A /* CustomPickerView.swift */,
			);
			path = Views;
			sourceTree = "<group>";
		};
		A8C718442753946600477A9A /* ExhibitionManager */ = {
			isa = PBXGroup;
			children = (
				A8C718452753948600477A9A /* VariousExhibitionManagers.swift */,
			);
			path = ExhibitionManager;
			sourceTree = "<group>";
		};
		A8DA7EA8271EE32E009976CF /* Resource */ = {
			isa = PBXGroup;
			children = (
				A8DA7F1A2723DC79009976CF /* Fonts */,
				A8DA7F192723DC70009976CF /* Extensions */,
				A89803C3271D952A00319CD7 /* Info.plist */,
				A89803BE271D952A00319CD7 /* Assets.xcassets */,
			);
			path = Resource;
			sourceTree = "<group>";
		};
		A8DA7EBE271F3213009976CF /* Login */ = {
			isa = PBXGroup;
			children = (
				A8DA7EBF271F328C009976CF /* Controllers */,
				A8DA7EC0271F329C009976CF /* Views */,
			);
			path = Login;
			sourceTree = "<group>";
		};
		A8DA7EBF271F328C009976CF /* Controllers */ = {
			isa = PBXGroup;
			children = (
				A89803B9271D952700319CD7 /* LoginViewController.swift */,
			);
			path = Controllers;
			sourceTree = "<group>";
		};
		A8DA7EC0271F329C009976CF /* Views */ = {
			isa = PBXGroup;
			children = (
				A8260648272726BE00939421 /* LogoContainerView.swift */,
				A8DA7EC2271F3413009976CF /* LoginButtonContainerView.swift */,
			);
			path = Views;
			sourceTree = "<group>";
		};
		A8DA7EC5271F3818009976CF /* Network */ = {
			isa = PBXGroup;
			children = (
				A8E6DF3B27455C780080137C /* API */,
				A8DA7EC6271F3826009976CF /* Login */,
			);
			path = Network;
			sourceTree = "<group>";
		};
		A8DA7EC6271F3826009976CF /* Login */ = {
			isa = PBXGroup;
			children = (
				A8DA7EC7271F383A009976CF /* KakaoLoginManager.swift */,
				A8DA7ECB271F3B56009976CF /* GoogleLoginManager.swift */,
				A8DA7ECE271F4060009976CF /* AppleLoginManager.swift */,
			);
			path = Login;
			sourceTree = "<group>";
		};
		A8DA7F0B2723500E009976CF /* Applications */ = {
			isa = PBXGroup;
			children = (
				A89803B5271D952700319CD7 /* AppDelegate.swift */,
				A89803B7271D952700319CD7 /* SceneDelegate.swift */,
				A89803C0271D952A00319CD7 /* LaunchScreen.storyboard */,
			);
			path = Applications;
			sourceTree = "<group>";
		};
		A8DA7F192723DC70009976CF /* Extensions */ = {
			isa = PBXGroup;
			children = (
				A82606452727238300939421 /* UIColorExtension.swift */,
				A8A44FAC272D4BB000807BD2 /* UIViewExtension.swift */,
				A8541BA527411588003C7F19 /* UIFontExtension.swift */,
				A86DB6132747F976000C9A6E /* UIImageExtension.swift */,
				A8C718472754126D00477A9A /* ExhibitionHandlerProtocol.swift */,
			);
			path = Extensions;
			sourceTree = "<group>";
		};
		A8DA7F1A2723DC79009976CF /* Fonts */ = {
			isa = PBXGroup;
			children = (
				A8A44FB4272D50BA00807BD2 /* Montserrat-Black.ttf */,
				A8A44FB0272D50B900807BD2 /* Montserrat-Bold.ttf */,
				A8A44FB2272D50BA00807BD2 /* Montserrat-ExtraBold.ttf */,
				A8A44FB3272D50BA00807BD2 /* Montserrat-Medium.ttf */,
				A8A44FAF272D50B900807BD2 /* Montserrat-Regular.ttf */,
				A8A44FB1272D50BA00807BD2 /* Montserrat-SemiBold.ttf */,
			);
			path = Fonts;
			sourceTree = "<group>";
		};
		A8DA7F1B2723DCBA009976CF /* Sources */ = {
			isa = PBXGroup;
			children = (
				A83AF0842729289E00768224 /* Scene */,
				A8DA7F1F2723DD07009976CF /* Models */,
				A8E6DF2F274558510080137C /* ViewModels */,
			);
			path = Sources;
			sourceTree = "<group>";
		};
		A8DA7F1F2723DD07009976CF /* Models */ = {
			isa = PBXGroup;
			children = (
				A8FDF1432746C9AB004FB5EE /* Login */,
				A8EAC4C3274EA5B500FC5562 /* Onboarding */,
				A8E6DF32274558B70080137C /* Exhibit */,
				A8EAC4D0274ED0E900FC5562 /* Search */,
				A8A203A0275954250068FBB7 /* Calendar */,
			);
			path = Models;
			sourceTree = "<group>";
		};
		A8DA7F30272702D5009976CF /* EarlyBird */ = {
			isa = PBXGroup;
			children = (
				A8DA7F31272702FA009976CF /* Controllers */,
				A8DA7F3227270305009976CF /* Views */,
				A8A44FA6272B0CDE00807BD2 /* Cells */,
			);
			path = EarlyBird;
			sourceTree = "<group>";
		};
		A8DA7F31272702FA009976CF /* Controllers */ = {
			isa = PBXGroup;
			children = (
				A8DA7F3327270344009976CF /* EarlyBirdViewController.swift */,
			);
			path = Controllers;
			sourceTree = "<group>";
		};
		A8DA7F3227270305009976CF /* Views */ = {
			isa = PBXGroup;
			children = (
				A83AF0942729479F00768224 /* TopContainerView.swift */,
				A83AF09F27299B7200768224 /* EarlyBirdContainerView.swift */,
			);
			path = Views;
			sourceTree = "<group>";
		};
		A8E6DF2F274558510080137C /* ViewModels */ = {
			isa = PBXGroup;
			children = (
				A8C718442753946600477A9A /* ExhibitionManager */,
				A8FDF1402746B7B2004FB5EE /* Login */,
				A8EAC4BE274EA4D200FC5562 /* Onboarding */,
				A8E6DF30274558840080137C /* EarlyBird */,
				A8E6DF312745588F0080137C /* Exhibit */,
				A8EAC4A3274D750F00FC5562 /* ExhibitFilter */,
				A86DB61027479FD3000C9A6E /* ExhibitDetail */,
				A8EAC4BB274E947D00FC5562 /* ExhibitSearch */,
				A8EAC4E6274FFE8000FC5562 /* MyBird */,
				A8EAC5032750E69F00FC5562 /* ExhibitConfirm */,
				A8B8E8BC2758C66C0008E4C1 /* Calendar */,
				A8E6DF392745598D0080137C /* Observable.swift */,
			);
			path = ViewModels;
			sourceTree = "<group>";
		};
		A8E6DF30274558840080137C /* EarlyBird */ = {
			isa = PBXGroup;
			children = (
				A8E6DF33274558F10080137C /* EarlyBirdViewModel.swift */,
			);
			path = EarlyBird;
			sourceTree = "<group>";
		};
		A8E6DF312745588F0080137C /* Exhibit */ = {
			isa = PBXGroup;
			children = (
				A8E6DF35274558FF0080137C /* ExhibitViewModel.swift */,
			);
			path = Exhibit;
			sourceTree = "<group>";
		};
		A8E6DF32274558B70080137C /* Exhibit */ = {
			isa = PBXGroup;
			children = (
				A8E6DF37274559440080137C /* Exhibits.swift */,
			);
			path = Exhibit;
			sourceTree = "<group>";
		};
		A8E6DF3B27455C780080137C /* API */ = {
			isa = PBXGroup;
			children = (
				A8EAC5122751191100FC5562 /* UserInfo */,
				A8EAC49F274D5D9500FC5562 /* Login */,
				A8EAC4C6274EA6E900FC5562 /* Onboarding */,
				A8EAC4A0274D5DDE00FC5562 /* Exhibit */,
				A8EAC4D3274F7C4D00FC5562 /* ExhibitFilter */,
				A8EAC4CD274ED0C700FC5562 /* Search */,
				A8EAC4E9274FFECC00FC5562 /* MyBird */,
				A8EAC4F027501C9E00FC5562 /* Like */,
				A8EAC4F3275036C100FC5562 /* Reservation */,
				A8EAC5062750E6E000FC5562 /* ExhibitConfirm */,
				A8A2039D275952A50068FBB7 /* Calendar */,
				A8EAC49B274CE9CC00FC5562 /* TokenUtils.swift */,
			);
			path = API;
			sourceTree = "<group>";
		};
		A8EAC49F274D5D9500FC5562 /* Login */ = {
			isa = PBXGroup;
			children = (
				A8E6DF3C27455C880080137C /* LoginAPIManager.swift */,
			);
			path = Login;
			sourceTree = "<group>";
		};
		A8EAC4A0274D5DDE00FC5562 /* Exhibit */ = {
			isa = PBXGroup;
			children = (
				A8EAC4A1274D5DFC00FC5562 /* ExhibitAPIManager.swift */,
			);
			path = Exhibit;
			sourceTree = "<group>";
		};
		A8EAC4A3274D750F00FC5562 /* ExhibitFilter */ = {
			isa = PBXGroup;
			children = (
				A8EAC4A4274D759E00FC5562 /* ExhibitFilterViewModel.swift */,
			);
			path = ExhibitFilter;
			sourceTree = "<group>";
		};
		A8EAC4AF274E518A00FC5562 /* Controllers */ = {
			isa = PBXGroup;
			children = (
				A8EAC4AB274E4C0300FC5562 /* ExhibitNoticeViewController.swift */,
				A8EAC4AD274E4C1900FC5562 /* ExhibitConfirmViewController.swift */,
			);
			path = Controllers;
			sourceTree = "<group>";
		};
		A8EAC4B3274E79E200FC5562 /* ExhibitSearch */ = {
			isa = PBXGroup;
			children = (
				A8EAC4B6274E7A0600FC5562 /* Controllers */,
				A8EAC4B5274E7A0000FC5562 /* Views */,
				A8EAC4B4274E79F200FC5562 /* Cells */,
			);
			path = ExhibitSearch;
			sourceTree = "<group>";
		};
		A8EAC4B4274E79F200FC5562 /* Cells */ = {
			isa = PBXGroup;
			children = (
			);
			path = Cells;
			sourceTree = "<group>";
		};
		A8EAC4B5274E7A0000FC5562 /* Views */ = {
			isa = PBXGroup;
			children = (
				A8EAC4B9274E93AA00FC5562 /* ExhibitSearchResultContainerView.swift */,
			);
			path = Views;
			sourceTree = "<group>";
		};
		A8EAC4B6274E7A0600FC5562 /* Controllers */ = {
			isa = PBXGroup;
			children = (
				A8EAC4B7274E7A2000FC5562 /* ExhibitSearchViewController.swift */,
			);
			path = Controllers;
			sourceTree = "<group>";
		};
		A8EAC4BB274E947D00FC5562 /* ExhibitSearch */ = {
			isa = PBXGroup;
			children = (
				A8EAC4BC274E94A000FC5562 /* ExhibitSearchViewModel.swift */,
			);
			path = ExhibitSearch;
			sourceTree = "<group>";
		};
		A8EAC4BE274EA4D200FC5562 /* Onboarding */ = {
			isa = PBXGroup;
			children = (
				A8EAC4BF274EA4EF00FC5562 /* OnboardingViewModel.swift */,
				A8EAC4C1274EA50900FC5562 /* OnboardManager.swift */,
			);
			path = Onboarding;
			sourceTree = "<group>";
		};
		A8EAC4C3274EA5B500FC5562 /* Onboarding */ = {
			isa = PBXGroup;
			children = (
				A8EAC4C4274EA61C00FC5562 /* AnalysisQuestions.swift */,
				A8EAC4C9274EA7E200FC5562 /* OnboardingRequest.swift */,
				A8EAC4CB274EC5EE00FC5562 /* QuestionInsertRequest.swift */,
			);
			path = Onboarding;
			sourceTree = "<group>";
		};
		A8EAC4C6274EA6E900FC5562 /* Onboarding */ = {
			isa = PBXGroup;
			children = (
				A8EAC4C7274EA72100FC5562 /* OnboardingAPIManager.swift */,
			);
			path = Onboarding;
			sourceTree = "<group>";
		};
		A8EAC4CD274ED0C700FC5562 /* Search */ = {
			isa = PBXGroup;
			children = (
				A8EAC4CE274ED0DD00FC5562 /* SearchAPIManager.swift */,
			);
			path = Search;
			sourceTree = "<group>";
		};
		A8EAC4D0274ED0E900FC5562 /* Search */ = {
			isa = PBXGroup;
			children = (
				A8EAC4D1274ED12900FC5562 /* SearchedExhibits.swift */,
			);
			path = Search;
			sourceTree = "<group>";
		};
		A8EAC4D3274F7C4D00FC5562 /* ExhibitFilter */ = {
			isa = PBXGroup;
			children = (
				A8EAC4D4274F7C6F00FC5562 /* ExhibitFilterAPIManager.swift */,
			);
			path = ExhibitFilter;
			sourceTree = "<group>";
		};
		A8EAC4D6274F8FFC00FC5562 /* MyBird */ = {
			isa = PBXGroup;
			children = (
				A8EAC4D9274F901E00FC5562 /* Controllers */,
				A8EAC4D8274F901700FC5562 /* Views */,
				A8EAC4D7274F900A00FC5562 /* Cells */,
			);
			path = MyBird;
			sourceTree = "<group>";
		};
		A8EAC4D7274F900A00FC5562 /* Cells */ = {
			isa = PBXGroup;
			children = (
				A8EAC4EE27500D9200FC5562 /* ReservedCell.swift */,
			);
			path = Cells;
			sourceTree = "<group>";
		};
		A8EAC4D8274F901700FC5562 /* Views */ = {
			isa = PBXGroup;
			children = (
				A8EAC4DC274F935900FC5562 /* MyBirdUserInfoView.swift */,
				A8EAC4DE274F93AD00FC5562 /* MyBirdReservedExhibitionView.swift */,
				A8EAC4E0274F93D600FC5562 /* MyBirdFavoriteExhibitionView.swift */,
				A8EAC4E2274FA06C00FC5562 /* MyBirdExhibitPreview.swift */,
			);
			path = Views;
			sourceTree = "<group>";
		};
		A8EAC4D9274F901E00FC5562 /* Controllers */ = {
			isa = PBXGroup;
			children = (
				A8EAC4DA274F908000FC5562 /* MyBirdViewController.swift */,
				A8EAC4E4274FB7BA00FC5562 /* FavoriteExhibitDetailViewController.swift */,
				A8EAC4EC27500C1700FC5562 /* ReservedExhibitViewController.swift */,
			);
			path = Controllers;
			sourceTree = "<group>";
		};
		A8EAC4E6274FFE8000FC5562 /* MyBird */ = {
			isa = PBXGroup;
			children = (
				A8EAC4E7274FFE9A00FC5562 /* MyBirdViewModel.swift */,
			);
			path = MyBird;
			sourceTree = "<group>";
		};
		A8EAC4E9274FFECC00FC5562 /* MyBird */ = {
			isa = PBXGroup;
			children = (
				A8EAC4EA274FFEE700FC5562 /* MyBirdAPIManager.swift */,
			);
			path = MyBird;
			sourceTree = "<group>";
		};
		A8EAC4F027501C9E00FC5562 /* Like */ = {
			isa = PBXGroup;
			children = (
				A8EAC4F127501CBA00FC5562 /* LikeAPIManager.swift */,
			);
			path = Like;
			sourceTree = "<group>";
		};
		A8EAC4F3275036C100FC5562 /* Reservation */ = {
			isa = PBXGroup;
			children = (
				A8EAC4F4275036EB00FC5562 /* ReservedAPIManager.swift */,
			);
			path = Reservation;
			sourceTree = "<group>";
		};
		A8EAC4F627503C3500FC5562 /* Setting */ = {
			isa = PBXGroup;
			children = (
				A8EAC4F827503D2B00FC5562 /* Controllers */,
				A8EAC4F727503D2400FC5562 /* Views */,
			);
			path = Setting;
			sourceTree = "<group>";
		};
		A8EAC4F727503D2400FC5562 /* Views */ = {
			isa = PBXGroup;
			children = (
				A8EAC4FB27503D7900FC5562 /* SettingItemView.swift */,
				A8EAC50E2750FD4300FC5562 /* NoticeViewItemView.swift */,
				A8EAC5102751024B00FC5562 /* NoticeContentView.swift */,
			);
			path = Views;
			sourceTree = "<group>";
		};
		A8EAC4F827503D2B00FC5562 /* Controllers */ = {
			isa = PBXGroup;
			children = (
				A8EAC4F927503D4000FC5562 /* SettingViewController.swift */,
				A8EAC4FD2750473600FC5562 /* NoticeViewController.swift */,
				A8EAC4FF2750477B00FC5562 /* PrivacyViewController.swift */,
				A8EAC501275047D200FC5562 /* TermOfUseViewController.swift */,
				A8EAC50A2750F28E00FC5562 /* LogoutAlertViewController.swift */,
				A8EAC50C2750F72900FC5562 /* WithdrawalViewController.swift */,
			);
			path = Controllers;
			sourceTree = "<group>";
		};
		A8EAC5032750E69F00FC5562 /* ExhibitConfirm */ = {
			isa = PBXGroup;
			children = (
				A8EAC5042750E6CC00FC5562 /* ExhibitConfirmViewModel.swift */,
			);
			path = ExhibitConfirm;
			sourceTree = "<group>";
		};
		A8EAC5062750E6E000FC5562 /* ExhibitConfirm */ = {
			isa = PBXGroup;
			children = (
				A8EAC5072750E70100FC5562 /* ExhibitConfirmAPIManager.swift */,
			);
			path = ExhibitConfirm;
			sourceTree = "<group>";
		};
		A8EAC5122751191100FC5562 /* UserInfo */ = {
			isa = PBXGroup;
			children = (
				A8EAC5132751193100FC5562 /* UserInfoAPIManager.swift */,
			);
			path = UserInfo;
			sourceTree = "<group>";
		};
		A8F803DB275674E7001C784B /* Calender */ = {
			isa = PBXGroup;
			children = (
				A8B8E8C2275906050008E4C1 /* Controllers */,
				A8B8E8C32759060F0008E4C1 /* Views */,
				A8B8E8BF2758DE3C0008E4C1 /* Cell */,
			);
			path = Calender;
			sourceTree = "<group>";
		};
		A8FDF1402746B7B2004FB5EE /* Login */ = {
			isa = PBXGroup;
			children = (
				A8FDF1412746B7CF004FB5EE /* LoginViewModel.swift */,
			);
			path = Login;
			sourceTree = "<group>";
		};
		A8FDF1432746C9AB004FB5EE /* Login */ = {
			isa = PBXGroup;
			children = (
				A8FDF1462746CE81004FB5EE /* LoginRequest.swift */,
				A8FDF1442746CB35004FB5EE /* LoginResponse.swift */,
				A8EAC51527511A3B00FC5562 /* UserInfo.swift */,
			);
			path = Login;
			sourceTree = "<group>";
		};
		A8FF870A274297D900EBC16E /* ExhibitFilter */ = {
			isa = PBXGroup;
			children = (
				A8FF870B274297F700EBC16E /* Controllers */,
				A8FF870E2743963900EBC16E /* Views */,
				A8FF87132743987400EBC16E /* Cells */,
			);
			path = ExhibitFilter;
			sourceTree = "<group>";
		};
		A8FF870B274297F700EBC16E /* Controllers */ = {
			isa = PBXGroup;
			children = (
				A8FF870C2742981A00EBC16E /* ExhibitFilterViewController.swift */,
			);
			path = Controllers;
			sourceTree = "<group>";
		};
		A8FF870E2743963900EBC16E /* Views */ = {
			isa = PBXGroup;
			children = (
				A8FF870F2743968700EBC16E /* ExhibitFilterContainerView.swift */,
				A8FF8711274397E000EBC16E /* ExhibitFilterCollectionViewFlowlayout.swift */,
			);
			path = Views;
			sourceTree = "<group>";
		};
		A8FF87132743987400EBC16E /* Cells */ = {
			isa = PBXGroup;
			children = (
				A8FF87142743992500EBC16E /* ExhibitFilterTypeCell.swift */,
			);
			path = Cells;
			sourceTree = "<group>";
		};
		D275028BFDFD0F9FE77C07E0 /* Frameworks */ = {
			isa = PBXGroup;
			children = (
				BBBDEB27AE26B24621A08ACD /* Pods_LazyBird.framework */,
			);
			name = Frameworks;
			sourceTree = "<group>";
		};
/* End PBXGroup section */

/* Begin PBXNativeTarget section */
		A89803B1271D952700319CD7 /* LazyBird */ = {
			isa = PBXNativeTarget;
			buildConfigurationList = A89803C6271D952A00319CD7 /* Build configuration list for PBXNativeTarget "LazyBird" */;
			buildPhases = (
				1BF5BC820F1875D6318687B2 /* [CP] Check Pods Manifest.lock */,
				A89803AE271D952700319CD7 /* Sources */,
				A89803AF271D952700319CD7 /* Frameworks */,
				A89803B0271D952700319CD7 /* Resources */,
				6520CC9E0634F26DCFAE450D /* [CP] Embed Pods Frameworks */,
			);
			buildRules = (
			);
			dependencies = (
			);
			name = LazyBird;
			productName = LazyBird;
			productReference = A89803B2271D952700319CD7 /* LazyBird.app */;
			productType = "com.apple.product-type.application";
		};
/* End PBXNativeTarget section */

/* Begin PBXProject section */
		A89803AA271D952700319CD7 /* Project object */ = {
			isa = PBXProject;
			attributes = {
				LastSwiftUpdateCheck = 1240;
				LastUpgradeCheck = 1240;
				TargetAttributes = {
					A89803B1271D952700319CD7 = {
						CreatedOnToolsVersion = 12.4;
					};
				};
			};
			buildConfigurationList = A89803AD271D952700319CD7 /* Build configuration list for PBXProject "LazyBird" */;
			compatibilityVersion = "Xcode 9.3";
			developmentRegion = en;
			hasScannedForEncodings = 0;
			knownRegions = (
				en,
				Base,
			);
			mainGroup = A89803A9271D952700319CD7;
			productRefGroup = A89803B3271D952700319CD7 /* Products */;
			projectDirPath = "";
			projectRoot = "";
			targets = (
				A89803B1271D952700319CD7 /* LazyBird */,
			);
		};
/* End PBXProject section */

/* Begin PBXResourcesBuildPhase section */
		A89803B0271D952700319CD7 /* Resources */ = {
			isa = PBXResourcesBuildPhase;
			buildActionMask = 2147483647;
			files = (
				A8A44FB6272D50BA00807BD2 /* Montserrat-Bold.ttf in Resources */,
				A8A44FBA272D50BA00807BD2 /* Montserrat-Black.ttf in Resources */,
				A8A44FB8272D50BA00807BD2 /* Montserrat-ExtraBold.ttf in Resources */,
				A8A44FB5272D50BA00807BD2 /* Montserrat-Regular.ttf in Resources */,
				A8A44FB9272D50BA00807BD2 /* Montserrat-Medium.ttf in Resources */,
				A89803C2271D952A00319CD7 /* LaunchScreen.storyboard in Resources */,
				A89803BF271D952A00319CD7 /* Assets.xcassets in Resources */,
				A8A44FB7272D50BA00807BD2 /* Montserrat-SemiBold.ttf in Resources */,
			);
			runOnlyForDeploymentPostprocessing = 0;
		};
/* End PBXResourcesBuildPhase section */

/* Begin PBXShellScriptBuildPhase section */
		1BF5BC820F1875D6318687B2 /* [CP] Check Pods Manifest.lock */ = {
			isa = PBXShellScriptBuildPhase;
			buildActionMask = 2147483647;
			files = (
			);
			inputFileListPaths = (
			);
			inputPaths = (
				"${PODS_PODFILE_DIR_PATH}/Podfile.lock",
				"${PODS_ROOT}/Manifest.lock",
			);
			name = "[CP] Check Pods Manifest.lock";
			outputFileListPaths = (
			);
			outputPaths = (
				"$(DERIVED_FILE_DIR)/Pods-LazyBird-checkManifestLockResult.txt",
			);
			runOnlyForDeploymentPostprocessing = 0;
			shellPath = /bin/sh;
			shellScript = "diff \"${PODS_PODFILE_DIR_PATH}/Podfile.lock\" \"${PODS_ROOT}/Manifest.lock\" > /dev/null\nif [ $? != 0 ] ; then\n    # print error to STDERR\n    echo \"error: The sandbox is not in sync with the Podfile.lock. Run 'pod install' or update your CocoaPods installation.\" >&2\n    exit 1\nfi\n# This output is used by Xcode 'outputs' to avoid re-running this script phase.\necho \"SUCCESS\" > \"${SCRIPT_OUTPUT_FILE_0}\"\n";
			showEnvVarsInLog = 0;
		};
		6520CC9E0634F26DCFAE450D /* [CP] Embed Pods Frameworks */ = {
			isa = PBXShellScriptBuildPhase;
			buildActionMask = 2147483647;
			files = (
			);
			inputFileListPaths = (
				"${PODS_ROOT}/Target Support Files/Pods-LazyBird/Pods-LazyBird-frameworks-${CONFIGURATION}-input-files.xcfilelist",
			);
			name = "[CP] Embed Pods Frameworks";
			outputFileListPaths = (
				"${PODS_ROOT}/Target Support Files/Pods-LazyBird/Pods-LazyBird-frameworks-${CONFIGURATION}-output-files.xcfilelist",
			);
			runOnlyForDeploymentPostprocessing = 0;
			shellPath = /bin/sh;
			shellScript = "\"${PODS_ROOT}/Target Support Files/Pods-LazyBird/Pods-LazyBird-frameworks.sh\"\n";
			showEnvVarsInLog = 0;
		};
/* End PBXShellScriptBuildPhase section */

/* Begin PBXSourcesBuildPhase section */
		A89803AE271D952700319CD7 /* Sources */ = {
			isa = PBXSourcesBuildPhase;
			buildActionMask = 2147483647;
			files = (
				A8EAC4E1274F93D600FC5562 /* MyBirdFavoriteExhibitionView.swift in Sources */,
				A8EAC4D5274F7C6F00FC5562 /* ExhibitFilterAPIManager.swift in Sources */,
				A8FDF1422746B7CF004FB5EE /* LoginViewModel.swift in Sources */,
				A8EAC4EB274FFEE700FC5562 /* MyBirdAPIManager.swift in Sources */,
				A8E6DF3A2745598D0080137C /* Observable.swift in Sources */,
				A8DA7EC3271F3413009976CF /* LoginButtonContainerView.swift in Sources */,
				A806262327418F3B00B562A6 /* ExhibitCell.swift in Sources */,
				A8FDF1452746CB35004FB5EE /* LoginResponse.swift in Sources */,
				A8EAC4A5274D759E00FC5562 /* ExhibitFilterViewModel.swift in Sources */,
				A86DB6122747A02E000C9A6E /* ExhibitDetailViewModel.swift in Sources */,
				A8EAC4FE2750473600FC5562 /* NoticeViewController.swift in Sources */,
				A8EAC4C5274EA61C00FC5562 /* AnalysisQuestions.swift in Sources */,
				A8139787272F127D00C3A4B8 /* SecondOnboardingViewController.swift in Sources */,
				A8EAC4DF274F93AD00FC5562 /* MyBirdReservedExhibitionView.swift in Sources */,
				A8841307275A150500DC764B /* CalendarCustomTextField.swift in Sources */,
				A8841305275A0B6200DC764B /* AddExhibitionScheduleViewController.swift in Sources */,
				A8518516274137240029B541 /* ExhibitViewController.swift in Sources */,
				A89803BA271D952700319CD7 /* LoginViewController.swift in Sources */,
				A8EAC4CA274EA7E200FC5562 /* OnboardingRequest.swift in Sources */,
				A8AD0899273B049D003A793A /* TicketBookContainerView.swift in Sources */,
				A8EAC4E5274FB7BA00FC5562 /* FavoriteExhibitDetailViewController.swift in Sources */,
				A8EAC4BA274E93AA00FC5562 /* ExhibitSearchResultContainerView.swift in Sources */,
				A8844DEC275CC02B0092A71A /* ExhibitionTimeSelectViewController.swift in Sources */,
				A8EAC4C8274EA72100FC5562 /* OnboardingAPIManager.swift in Sources */,
				A8844DEA275CB2DC0092A71A /* ExhibitionDateSelectViewModel.swift in Sources */,
				A8EAC4AE274E4C1900FC5562 /* ExhibitConfirmViewController.swift in Sources */,
				A83AF09027292C5200768224 /* TabBarViewController.swift in Sources */,
				A8EAC4CF274ED0DD00FC5562 /* SearchAPIManager.swift in Sources */,
				A83AF09B27295C6900768224 /* CategoryCell.swift in Sources */,
				A8DA7ECC271F3B56009976CF /* GoogleLoginManager.swift in Sources */,
				A8844DF6275D194B0092A71A /* SelectUnregisteredExhibitionViewController.swift in Sources */,
				A8AD088C273B02E4003A793A /* ExhibitImageContainerView.swift in Sources */,
				A8DA7F3427270344009976CF /* EarlyBirdViewController.swift in Sources */,
				A8E6DF3D27455C880080137C /* LoginAPIManager.swift in Sources */,
				A8FDF1472746CE81004FB5EE /* LoginRequest.swift in Sources */,
				A8A44FAD272D4BB000807BD2 /* UIViewExtension.swift in Sources */,
				A8FF870D2742981A00EBC16E /* ExhibitFilterViewController.swift in Sources */,
				A89803B6271D952700319CD7 /* AppDelegate.swift in Sources */,
				A8EAC4EF27500D9200FC5562 /* ReservedCell.swift in Sources */,
				A8EAC5112751024B00FC5562 /* NoticeContentView.swift in Sources */,
				A8EAC4F5275036EB00FC5562 /* ReservedAPIManager.swift in Sources */,
				A8FF8712274397E000EBC16E /* ExhibitFilterCollectionViewFlowlayout.swift in Sources */,
				A8AD0890273B02F5003A793A /* ExhibitInfoContainerView.swift in Sources */,
				A83AF0952729479F00768224 /* TopContainerView.swift in Sources */,
				A8EAC4E3274FA06C00FC5562 /* MyBirdExhibitPreview.swift in Sources */,
				A81D0732275A6F1B00740276 /* ExhibitionDateSelectViewController.swift in Sources */,
				A8EAC4C0274EA4EF00FC5562 /* OnboardingViewModel.swift in Sources */,
				A8139783272F073B00C3A4B8 /* QuestionBtnView.swift in Sources */,
				A8260649272726BE00939421 /* LogoContainerView.swift in Sources */,
				A8844DF0275CDD0B0092A71A /* CustomPickerView.swift in Sources */,
				A8E6DF38274559440080137C /* Exhibits.swift in Sources */,
				A8EAC4F227501CBA00FC5562 /* LikeAPIManager.swift in Sources */,
				A8FF87152743992500EBC16E /* ExhibitFilterTypeCell.swift in Sources */,
				A8EAC5142751193100FC5562 /* UserInfoAPIManager.swift in Sources */,
				A8EAC4BD274E94A000FC5562 /* ExhibitSearchViewModel.swift in Sources */,
				A8AD0896273B0337003A793A /* ExhibitContentContainerView.swift in Sources */,
				A8EAC4A2274D5DFC00FC5562 /* ExhibitAPIManager.swift in Sources */,
				A8EAC4A7274D8F8000FC5562 /* NoticeView.swift in Sources */,
				A8EAC5082750E70100FC5562 /* ExhibitConfirmAPIManager.swift in Sources */,
				A83AF0982729585C00768224 /* CategoryContainerView.swift in Sources */,
				A8FF87102743968700EBC16E /* ExhibitFilterContainerView.swift in Sources */,
				A82606462727238300939421 /* UIColorExtension.swift in Sources */,
				A813977F272ED6FB00C3A4B8 /* FirstOnboardingViewController.swift in Sources */,
				A8EAC50F2750FD4300FC5562 /* NoticeViewItemView.swift in Sources */,
				A8EAC49C274CE9CC00FC5562 /* TokenUtils.swift in Sources */,
				A8EAC4D2274ED12900FC5562 /* SearchedExhibits.swift in Sources */,
				A8F803DD27567511001C784B /* CalendarViewController.swift in Sources */,
				A813978A272F168F00C3A4B8 /* ThirdOnboardingViewController.swift in Sources */,
				A8A2039F275952BC0068FBB7 /* CalendarManager.swift in Sources */,
				A8EAC4ED27500C1700FC5562 /* ReservedExhibitViewController.swift in Sources */,
				A8844DEE275CC70F0092A71A /* ExhibitionTimeSelectViewModel.swift in Sources */,
				A8B8E8BE2758C6890008E4C1 /* CalendarViewModel.swift in Sources */,
				A8C718482754126D00477A9A /* ExhibitionHandlerProtocol.swift in Sources */,
				A8E6DF36274558FF0080137C /* ExhibitViewModel.swift in Sources */,
				A8844DF2275CF51D0092A71A /* CustomInfoSaveRequest.swift in Sources */,
				A813978D272F17CC00C3A4B8 /* FourthOnboardingViewController.swift in Sources */,
				A8E6DF34274558F10080137C /* EarlyBirdViewModel.swift in Sources */,
				A8EAC50B2750F28E00FC5562 /* LogoutAlertViewController.swift in Sources */,
				A83AF0A027299B7200768224 /* EarlyBirdContainerView.swift in Sources */,
				A8EAC4DD274F935900FC5562 /* MyBirdUserInfoView.swift in Sources */,
				A806262027416DC300B562A6 /* CategoryCollectionHeaderView.swift in Sources */,
				A8A203A2275954770068FBB7 /* Schedules.swift in Sources */,
				A8B8E8C5275906520008E4C1 /* UnregisteredExhibitionAlertView.swift in Sources */,
				A8AD089D273B072C003A793A /* SeparatorView.swift in Sources */,
				A806261D274162EB00B562A6 /* ExhibitContainerView.swift in Sources */,
				A8EAC50D2750F72900FC5562 /* WithdrawalViewController.swift in Sources */,
				A83AF0A327299CAC00768224 /* EarlyBirdCell.swift in Sources */,
				A8EAC4C2274EA50900FC5562 /* OnboardManager.swift in Sources */,
				A80E8F8C27663FD200E457FD /* ExhibitionVisitAlertViewController.swift in Sources */,
				A8DA7EC8271F383A009976CF /* KakaoLoginManager.swift in Sources */,
				A8EAC4CC274EC5EE00FC5562 /* QuestionInsertRequest.swift in Sources */,
				A8EAC4FC27503D7900FC5562 /* SettingItemView.swift in Sources */,
				A8844DF4275CFAA50092A71A /* AddExhibitionScheduleViewModel.swift in Sources */,
				A8EAC4AC274E4C0300FC5562 /* ExhibitNoticeViewController.swift in Sources */,
				A8EAC4B8274E7A2000FC5562 /* ExhibitSearchViewController.swift in Sources */,
				A8541BA627411588003C7F19 /* UIFontExtension.swift in Sources */,
				A8EAC4DB274F908000FC5562 /* MyBirdViewController.swift in Sources */,
				A8C718462753948600477A9A /* VariousExhibitionManagers.swift in Sources */,
				A86DB6142747F976000C9A6E /* UIImageExtension.swift in Sources */,
				A8AD0893273B031C003A793A /* ExhibitGuideContainerView.swift in Sources */,
				A89803B8271D952700319CD7 /* SceneDelegate.swift in Sources */,
				A8DA7ECF271F4060009976CF /* AppleLoginManager.swift in Sources */,
				A8EAC4E8274FFE9A00FC5562 /* MyBirdViewModel.swift in Sources */,
				A851851A2741615B0029B541 /* CustomExhibitToggleView.swift in Sources */,
				A8AD0885273AE9DD003A793A /* ExhibitDetailViewController.swift in Sources */,
				A8EAC502275047D200FC5562 /* TermOfUseViewController.swift in Sources */,
				A8EAC4FA27503D4000FC5562 /* SettingViewController.swift in Sources */,
				A8EAC5002750477B00FC5562 /* PrivacyViewController.swift in Sources */,
				A8844DF8275E1FB70092A71A /* SelectUnregisteredExhibitionViewModel.swift in Sources */,
				A8B8E8C12758DE590008E4C1 /* CalendarCell.swift in Sources */,
				A8EAC4A9274E39B600FC5562 /* ResetOnboardAlertViewController.swift in Sources */,
				A80E8F8A276632B100E457FD /* ExhibitionVisitRequest.swift in Sources */,
				A8844DFA275E35BD0092A71A /* BookedInfoSaveRequest.swift in Sources */,
				A8EAC5052750E6CC00FC5562 /* ExhibitConfirmViewModel.swift in Sources */,
				A8EAC51627511A3B00FC5562 /* UserInfo.swift in Sources */,
				A8A44FBF272D5FE600807BD2 /* StartOnboardingViewController.swift in Sources */,
			);
			runOnlyForDeploymentPostprocessing = 0;
		};
/* End PBXSourcesBuildPhase section */

/* Begin PBXVariantGroup section */
		A89803C0271D952A00319CD7 /* LaunchScreen.storyboard */ = {
			isa = PBXVariantGroup;
			children = (
				A89803C1271D952A00319CD7 /* Base */,
			);
			name = LaunchScreen.storyboard;
			sourceTree = "<group>";
		};
/* End PBXVariantGroup section */

/* Begin XCBuildConfiguration section */
		A89803C4271D952A00319CD7 /* Debug */ = {
			isa = XCBuildConfiguration;
			buildSettings = {
				ALWAYS_SEARCH_USER_PATHS = NO;
				CLANG_ANALYZER_NONNULL = YES;
				CLANG_ANALYZER_NUMBER_OBJECT_CONVERSION = YES_AGGRESSIVE;
				CLANG_CXX_LANGUAGE_STANDARD = "gnu++14";
				CLANG_CXX_LIBRARY = "libc++";
				CLANG_ENABLE_MODULES = YES;
				CLANG_ENABLE_OBJC_ARC = YES;
				CLANG_ENABLE_OBJC_WEAK = YES;
				CLANG_WARN_BLOCK_CAPTURE_AUTORELEASING = YES;
				CLANG_WARN_BOOL_CONVERSION = YES;
				CLANG_WARN_COMMA = YES;
				CLANG_WARN_CONSTANT_CONVERSION = YES;
				CLANG_WARN_DEPRECATED_OBJC_IMPLEMENTATIONS = YES;
				CLANG_WARN_DIRECT_OBJC_ISA_USAGE = YES_ERROR;
				CLANG_WARN_DOCUMENTATION_COMMENTS = YES;
				CLANG_WARN_EMPTY_BODY = YES;
				CLANG_WARN_ENUM_CONVERSION = YES;
				CLANG_WARN_INFINITE_RECURSION = YES;
				CLANG_WARN_INT_CONVERSION = YES;
				CLANG_WARN_NON_LITERAL_NULL_CONVERSION = YES;
				CLANG_WARN_OBJC_IMPLICIT_RETAIN_SELF = YES;
				CLANG_WARN_OBJC_LITERAL_CONVERSION = YES;
				CLANG_WARN_OBJC_ROOT_CLASS = YES_ERROR;
				CLANG_WARN_QUOTED_INCLUDE_IN_FRAMEWORK_HEADER = YES;
				CLANG_WARN_RANGE_LOOP_ANALYSIS = YES;
				CLANG_WARN_STRICT_PROTOTYPES = YES;
				CLANG_WARN_SUSPICIOUS_MOVE = YES;
				CLANG_WARN_UNGUARDED_AVAILABILITY = YES_AGGRESSIVE;
				CLANG_WARN_UNREACHABLE_CODE = YES;
				CLANG_WARN__DUPLICATE_METHOD_MATCH = YES;
				COPY_PHASE_STRIP = NO;
				DEBUG_INFORMATION_FORMAT = dwarf;
				ENABLE_STRICT_OBJC_MSGSEND = YES;
				ENABLE_TESTABILITY = YES;
				GCC_C_LANGUAGE_STANDARD = gnu11;
				GCC_DYNAMIC_NO_PIC = NO;
				GCC_NO_COMMON_BLOCKS = YES;
				GCC_OPTIMIZATION_LEVEL = 0;
				GCC_PREPROCESSOR_DEFINITIONS = (
					"DEBUG=1",
					"$(inherited)",
				);
				GCC_WARN_64_TO_32_BIT_CONVERSION = YES;
				GCC_WARN_ABOUT_RETURN_TYPE = YES_ERROR;
				GCC_WARN_UNDECLARED_SELECTOR = YES;
				GCC_WARN_UNINITIALIZED_AUTOS = YES_AGGRESSIVE;
				GCC_WARN_UNUSED_FUNCTION = YES;
				GCC_WARN_UNUSED_VARIABLE = YES;
				IPHONEOS_DEPLOYMENT_TARGET = 13.0;
				MTL_ENABLE_DEBUG_INFO = INCLUDE_SOURCE;
				MTL_FAST_MATH = YES;
				ONLY_ACTIVE_ARCH = YES;
				SDKROOT = iphoneos;
				SWIFT_ACTIVE_COMPILATION_CONDITIONS = DEBUG;
				SWIFT_OPTIMIZATION_LEVEL = "-Onone";
			};
			name = Debug;
		};
		A89803C5271D952A00319CD7 /* Release */ = {
			isa = XCBuildConfiguration;
			buildSettings = {
				ALWAYS_SEARCH_USER_PATHS = NO;
				CLANG_ANALYZER_NONNULL = YES;
				CLANG_ANALYZER_NUMBER_OBJECT_CONVERSION = YES_AGGRESSIVE;
				CLANG_CXX_LANGUAGE_STANDARD = "gnu++14";
				CLANG_CXX_LIBRARY = "libc++";
				CLANG_ENABLE_MODULES = YES;
				CLANG_ENABLE_OBJC_ARC = YES;
				CLANG_ENABLE_OBJC_WEAK = YES;
				CLANG_WARN_BLOCK_CAPTURE_AUTORELEASING = YES;
				CLANG_WARN_BOOL_CONVERSION = YES;
				CLANG_WARN_COMMA = YES;
				CLANG_WARN_CONSTANT_CONVERSION = YES;
				CLANG_WARN_DEPRECATED_OBJC_IMPLEMENTATIONS = YES;
				CLANG_WARN_DIRECT_OBJC_ISA_USAGE = YES_ERROR;
				CLANG_WARN_DOCUMENTATION_COMMENTS = YES;
				CLANG_WARN_EMPTY_BODY = YES;
				CLANG_WARN_ENUM_CONVERSION = YES;
				CLANG_WARN_INFINITE_RECURSION = YES;
				CLANG_WARN_INT_CONVERSION = YES;
				CLANG_WARN_NON_LITERAL_NULL_CONVERSION = YES;
				CLANG_WARN_OBJC_IMPLICIT_RETAIN_SELF = YES;
				CLANG_WARN_OBJC_LITERAL_CONVERSION = YES;
				CLANG_WARN_OBJC_ROOT_CLASS = YES_ERROR;
				CLANG_WARN_QUOTED_INCLUDE_IN_FRAMEWORK_HEADER = YES;
				CLANG_WARN_RANGE_LOOP_ANALYSIS = YES;
				CLANG_WARN_STRICT_PROTOTYPES = YES;
				CLANG_WARN_SUSPICIOUS_MOVE = YES;
				CLANG_WARN_UNGUARDED_AVAILABILITY = YES_AGGRESSIVE;
				CLANG_WARN_UNREACHABLE_CODE = YES;
				CLANG_WARN__DUPLICATE_METHOD_MATCH = YES;
				COPY_PHASE_STRIP = NO;
				DEBUG_INFORMATION_FORMAT = "dwarf-with-dsym";
				ENABLE_NS_ASSERTIONS = NO;
				ENABLE_STRICT_OBJC_MSGSEND = YES;
				GCC_C_LANGUAGE_STANDARD = gnu11;
				GCC_NO_COMMON_BLOCKS = YES;
				GCC_WARN_64_TO_32_BIT_CONVERSION = YES;
				GCC_WARN_ABOUT_RETURN_TYPE = YES_ERROR;
				GCC_WARN_UNDECLARED_SELECTOR = YES;
				GCC_WARN_UNINITIALIZED_AUTOS = YES_AGGRESSIVE;
				GCC_WARN_UNUSED_FUNCTION = YES;
				GCC_WARN_UNUSED_VARIABLE = YES;
				IPHONEOS_DEPLOYMENT_TARGET = 13.0;
				MTL_ENABLE_DEBUG_INFO = NO;
				MTL_FAST_MATH = YES;
				SDKROOT = iphoneos;
				SWIFT_COMPILATION_MODE = wholemodule;
				SWIFT_OPTIMIZATION_LEVEL = "-O";
				VALIDATE_PRODUCT = YES;
			};
			name = Release;
		};
		A89803C7271D952A00319CD7 /* Debug */ = {
			isa = XCBuildConfiguration;
			baseConfigurationReference = 92E82EA07E0F491E4077209A /* Pods-LazyBird.debug.xcconfig */;
			buildSettings = {
				ASSETCATALOG_COMPILER_APPICON_NAME = AppIcon;
				ASSETCATALOG_COMPILER_GLOBAL_ACCENT_COLOR_NAME = AccentColor;
				CODE_SIGN_ENTITLEMENTS = LazyBird/LazyBird.entitlements;
				CODE_SIGN_STYLE = Automatic;
				CURRENT_PROJECT_VERSION = 3;
				DEVELOPMENT_TEAM = 69F5355JYF;
				INFOPLIST_FILE = LazyBird/Resource/Info.plist;
				LD_RUNPATH_SEARCH_PATHS = (
					"$(inherited)",
					"@executable_path/Frameworks",
				);
				PRODUCT_BUNDLE_IDENTIFIER = com.soongin.LazyBird;
				PRODUCT_NAME = "$(TARGET_NAME)";
				SWIFT_VERSION = 5.0;
				TARGETED_DEVICE_FAMILY = 1;
			};
			name = Debug;
		};
		A89803C8271D952A00319CD7 /* Release */ = {
			isa = XCBuildConfiguration;
			baseConfigurationReference = FB0367A31ABB7DEF9D9DEAD2 /* Pods-LazyBird.release.xcconfig */;
			buildSettings = {
				ASSETCATALOG_COMPILER_APPICON_NAME = AppIcon;
				ASSETCATALOG_COMPILER_GLOBAL_ACCENT_COLOR_NAME = AccentColor;
				CODE_SIGN_ENTITLEMENTS = LazyBird/LazyBird.entitlements;
				CODE_SIGN_IDENTITY = "Apple Development";
				CODE_SIGN_STYLE = Automatic;
				CURRENT_PROJECT_VERSION = 3;
				DEVELOPMENT_TEAM = 69F5355JYF;
				INFOPLIST_FILE = LazyBird/Resource/Info.plist;
				LD_RUNPATH_SEARCH_PATHS = (
					"$(inherited)",
					"@executable_path/Frameworks",
				);
				PRODUCT_BUNDLE_IDENTIFIER = com.soongin.LazyBird;
				PRODUCT_NAME = "$(TARGET_NAME)";
				PROVISIONING_PROFILE_SPECIFIER = "";
				SWIFT_VERSION = 5.0;
				TARGETED_DEVICE_FAMILY = 1;
			};
			name = Release;
		};
/* End XCBuildConfiguration section */

/* Begin XCConfigurationList section */
		A89803AD271D952700319CD7 /* Build configuration list for PBXProject "LazyBird" */ = {
			isa = XCConfigurationList;
			buildConfigurations = (
				A89803C4271D952A00319CD7 /* Debug */,
				A89803C5271D952A00319CD7 /* Release */,
			);
			defaultConfigurationIsVisible = 0;
			defaultConfigurationName = Release;
		};
		A89803C6271D952A00319CD7 /* Build configuration list for PBXNativeTarget "LazyBird" */ = {
			isa = XCConfigurationList;
			buildConfigurations = (
				A89803C7271D952A00319CD7 /* Debug */,
				A89803C8271D952A00319CD7 /* Release */,
			);
			defaultConfigurationIsVisible = 0;
			defaultConfigurationName = Release;
		};
/* End XCConfigurationList section */
	};
	rootObject = A89803AA271D952700319CD7 /* Project object */;
}
