// !$*UTF8*$!
{
	archiveVersion = 1;
	classes = {
	};
	objectVersion = 51;
	objects = {

/* Begin PBXBuildFile section */
		A82606462727238300939421 /* UIColorExtension.swift in Sources */ = {isa = PBXBuildFile; fileRef = A82606452727238300939421 /* UIColorExtension.swift */; };
		A8260649272726BE00939421 /* LogoContainerView.swift in Sources */ = {isa = PBXBuildFile; fileRef = A8260648272726BE00939421 /* LogoContainerView.swift */; };
		A83AF09027292C5200768224 /* TabBarViewController.swift in Sources */ = {isa = PBXBuildFile; fileRef = A83AF08F27292C5200768224 /* TabBarViewController.swift */; };
		A83AF0952729479F00768224 /* TopContainerView.swift in Sources */ = {isa = PBXBuildFile; fileRef = A83AF0942729479F00768224 /* TopContainerView.swift */; };
		A83AF0982729585C00768224 /* CategoryContainerView.swift in Sources */ = {isa = PBXBuildFile; fileRef = A83AF0972729585C00768224 /* CategoryContainerView.swift */; };
		A83AF09B27295C6900768224 /* CategoryCell.swift in Sources */ = {isa = PBXBuildFile; fileRef = A83AF09A27295C6900768224 /* CategoryCell.swift */; };
		A83AF0A027299B7200768224 /* EarlyBirdContainerView.swift in Sources */ = {isa = PBXBuildFile; fileRef = A83AF09F27299B7200768224 /* EarlyBirdContainerView.swift */; };
		A83AF0A327299CAC00768224 /* EarlyBirdCell.swift in Sources */ = {isa = PBXBuildFile; fileRef = A83AF0A227299CAC00768224 /* EarlyBirdCell.swift */; };
		A89803B6271D952700319CD7 /* AppDelegate.swift in Sources */ = {isa = PBXBuildFile; fileRef = A89803B5271D952700319CD7 /* AppDelegate.swift */; };
		A89803B8271D952700319CD7 /* SceneDelegate.swift in Sources */ = {isa = PBXBuildFile; fileRef = A89803B7271D952700319CD7 /* SceneDelegate.swift */; };
		A89803BA271D952700319CD7 /* LoginViewController.swift in Sources */ = {isa = PBXBuildFile; fileRef = A89803B9271D952700319CD7 /* LoginViewController.swift */; };
		A89803BF271D952A00319CD7 /* Assets.xcassets in Resources */ = {isa = PBXBuildFile; fileRef = A89803BE271D952A00319CD7 /* Assets.xcassets */; };
		A89803C2271D952A00319CD7 /* LaunchScreen.storyboard in Resources */ = {isa = PBXBuildFile; fileRef = A89803C0271D952A00319CD7 /* LaunchScreen.storyboard */; };
		A8A44FA9272B167A00807BD2 /* CarouselLayout.swift in Sources */ = {isa = PBXBuildFile; fileRef = A8A44FA8272B167A00807BD2 /* CarouselLayout.swift */; };
		A8DA7EC3271F3413009976CF /* LoginButtonContainerView.swift in Sources */ = {isa = PBXBuildFile; fileRef = A8DA7EC2271F3413009976CF /* LoginButtonContainerView.swift */; };
		A8DA7EC8271F383A009976CF /* KakaoLoginManager.swift in Sources */ = {isa = PBXBuildFile; fileRef = A8DA7EC7271F383A009976CF /* KakaoLoginManager.swift */; };
		A8DA7ECC271F3B56009976CF /* GoogleLoginManager.swift in Sources */ = {isa = PBXBuildFile; fileRef = A8DA7ECB271F3B56009976CF /* GoogleLoginManager.swift */; };
		A8DA7ECF271F4060009976CF /* AppleLoginManager.swift in Sources */ = {isa = PBXBuildFile; fileRef = A8DA7ECE271F4060009976CF /* AppleLoginManager.swift */; };
		A8DA7F3427270344009976CF /* EarlyBirdViewController.swift in Sources */ = {isa = PBXBuildFile; fileRef = A8DA7F3327270344009976CF /* EarlyBirdViewController.swift */; };
		AD2B21DB18324903ABD799AE /* Pods_LazyBird.framework in Frameworks */ = {isa = PBXBuildFile; fileRef = BBBDEB27AE26B24621A08ACD /* Pods_LazyBird.framework */; };
/* End PBXBuildFile section */

/* Begin PBXFileReference section */
		92E82EA07E0F491E4077209A /* Pods-LazyBird.debug.xcconfig */ = {isa = PBXFileReference; includeInIndex = 1; lastKnownFileType = text.xcconfig; name = "Pods-LazyBird.debug.xcconfig"; path = "Target Support Files/Pods-LazyBird/Pods-LazyBird.debug.xcconfig"; sourceTree = "<group>"; };
		A82606452727238300939421 /* UIColorExtension.swift */ = {isa = PBXFileReference; lastKnownFileType = sourcecode.swift; path = UIColorExtension.swift; sourceTree = "<group>"; };
		A8260648272726BE00939421 /* LogoContainerView.swift */ = {isa = PBXFileReference; lastKnownFileType = sourcecode.swift; path = LogoContainerView.swift; sourceTree = "<group>"; };
		A83AF08F27292C5200768224 /* TabBarViewController.swift */ = {isa = PBXFileReference; lastKnownFileType = sourcecode.swift; path = TabBarViewController.swift; sourceTree = "<group>"; };
		A83AF0942729479F00768224 /* TopContainerView.swift */ = {isa = PBXFileReference; lastKnownFileType = sourcecode.swift; path = TopContainerView.swift; sourceTree = "<group>"; };
		A83AF0972729585C00768224 /* CategoryContainerView.swift */ = {isa = PBXFileReference; lastKnownFileType = sourcecode.swift; path = CategoryContainerView.swift; sourceTree = "<group>"; };
		A83AF09A27295C6900768224 /* CategoryCell.swift */ = {isa = PBXFileReference; lastKnownFileType = sourcecode.swift; path = CategoryCell.swift; sourceTree = "<group>"; };
		A83AF09F27299B7200768224 /* EarlyBirdContainerView.swift */ = {isa = PBXFileReference; lastKnownFileType = sourcecode.swift; path = EarlyBirdContainerView.swift; sourceTree = "<group>"; };
		A83AF0A227299CAC00768224 /* EarlyBirdCell.swift */ = {isa = PBXFileReference; lastKnownFileType = sourcecode.swift; path = EarlyBirdCell.swift; sourceTree = "<group>"; };
		A89803B2271D952700319CD7 /* LazyBird.app */ = {isa = PBXFileReference; explicitFileType = wrapper.application; includeInIndex = 0; path = LazyBird.app; sourceTree = BUILT_PRODUCTS_DIR; };
		A89803B5271D952700319CD7 /* AppDelegate.swift */ = {isa = PBXFileReference; lastKnownFileType = sourcecode.swift; path = AppDelegate.swift; sourceTree = "<group>"; };
		A89803B7271D952700319CD7 /* SceneDelegate.swift */ = {isa = PBXFileReference; lastKnownFileType = sourcecode.swift; path = SceneDelegate.swift; sourceTree = "<group>"; };
		A89803B9271D952700319CD7 /* LoginViewController.swift */ = {isa = PBXFileReference; lastKnownFileType = sourcecode.swift; path = LoginViewController.swift; sourceTree = "<group>"; };
		A89803BE271D952A00319CD7 /* Assets.xcassets */ = {isa = PBXFileReference; lastKnownFileType = folder.assetcatalog; path = Assets.xcassets; sourceTree = "<group>"; };
		A89803C1271D952A00319CD7 /* Base */ = {isa = PBXFileReference; lastKnownFileType = file.storyboard; name = Base; path = Base.lproj/LaunchScreen.storyboard; sourceTree = "<group>"; };
		A89803C3271D952A00319CD7 /* Info.plist */ = {isa = PBXFileReference; lastKnownFileType = text.plist.xml; path = Info.plist; sourceTree = "<group>"; };
		A89803D2271DA44100319CD7 /* LazyBird.entitlements */ = {isa = PBXFileReference; lastKnownFileType = text.plist.entitlements; path = LazyBird.entitlements; sourceTree = "<group>"; };
		A8A44FA8272B167A00807BD2 /* CarouselLayout.swift */ = {isa = PBXFileReference; lastKnownFileType = sourcecode.swift; path = CarouselLayout.swift; sourceTree = "<group>"; };
		A8DA7EC2271F3413009976CF /* LoginButtonContainerView.swift */ = {isa = PBXFileReference; lastKnownFileType = sourcecode.swift; path = LoginButtonContainerView.swift; sourceTree = "<group>"; };
		A8DA7EC7271F383A009976CF /* KakaoLoginManager.swift */ = {isa = PBXFileReference; lastKnownFileType = sourcecode.swift; path = KakaoLoginManager.swift; sourceTree = "<group>"; };
		A8DA7ECB271F3B56009976CF /* GoogleLoginManager.swift */ = {isa = PBXFileReference; lastKnownFileType = sourcecode.swift; path = GoogleLoginManager.swift; sourceTree = "<group>"; };
		A8DA7ECE271F4060009976CF /* AppleLoginManager.swift */ = {isa = PBXFileReference; lastKnownFileType = sourcecode.swift; path = AppleLoginManager.swift; sourceTree = "<group>"; };
		A8DA7F3327270344009976CF /* EarlyBirdViewController.swift */ = {isa = PBXFileReference; lastKnownFileType = sourcecode.swift; path = EarlyBirdViewController.swift; sourceTree = "<group>"; };
		BBBDEB27AE26B24621A08ACD /* Pods_LazyBird.framework */ = {isa = PBXFileReference; explicitFileType = wrapper.framework; includeInIndex = 0; path = Pods_LazyBird.framework; sourceTree = BUILT_PRODUCTS_DIR; };
		FB0367A31ABB7DEF9D9DEAD2 /* Pods-LazyBird.release.xcconfig */ = {isa = PBXFileReference; includeInIndex = 1; lastKnownFileType = text.xcconfig; name = "Pods-LazyBird.release.xcconfig"; path = "Target Support Files/Pods-LazyBird/Pods-LazyBird.release.xcconfig"; sourceTree = "<group>"; };
/* End PBXFileReference section */

/* Begin PBXFrameworksBuildPhase section */
		A89803AF271D952700319CD7 /* Frameworks */ = {
			isa = PBXFrameworksBuildPhase;
			buildActionMask = 2147483647;
			files = (
				AD2B21DB18324903ABD799AE /* Pods_LazyBird.framework in Frameworks */,
			);
			runOnlyForDeploymentPostprocessing = 0;
		};
/* End PBXFrameworksBuildPhase section */

/* Begin PBXGroup section */
		205F1C8E77F40B2A50D75F24 /* Pods */ = {
			isa = PBXGroup;
			children = (
				92E82EA07E0F491E4077209A /* Pods-LazyBird.debug.xcconfig */,
				FB0367A31ABB7DEF9D9DEAD2 /* Pods-LazyBird.release.xcconfig */,
			);
			path = Pods;
			sourceTree = "<group>";
		};
		A83AF0842729289E00768224 /* Scene */ = {
			isa = PBXGroup;
			children = (
				A8DA7EBE271F3213009976CF /* Login */,
				A8DA7F30272702D5009976CF /* Home */,
				A83AF08A27292B5A00768224 /* Tabbar */,
			);
			path = Scene;
			sourceTree = "<group>";
		};
		A83AF08A27292B5A00768224 /* Tabbar */ = {
			isa = PBXGroup;
			children = (
				A83AF08F27292C5200768224 /* TabBarViewController.swift */,
			);
			path = Tabbar;
			sourceTree = "<group>";
		};
		A89803A9271D952700319CD7 = {
			isa = PBXGroup;
			children = (
				A89803B4271D952700319CD7 /* LazyBird */,
				A89803B3271D952700319CD7 /* Products */,
				205F1C8E77F40B2A50D75F24 /* Pods */,
				D275028BFDFD0F9FE77C07E0 /* Frameworks */,
			);
			sourceTree = "<group>";
		};
		A89803B3271D952700319CD7 /* Products */ = {
			isa = PBXGroup;
			children = (
				A89803B2271D952700319CD7 /* LazyBird.app */,
			);
			name = Products;
			sourceTree = "<group>";
		};
		A89803B4271D952700319CD7 /* LazyBird */ = {
			isa = PBXGroup;
			children = (
				A8DA7F0B2723500E009976CF /* Applications */,
				A8DA7EA8271EE32E009976CF /* Resource */,
				A8DA7EC5271F3818009976CF /* Network */,
				A8DA7F1B2723DCBA009976CF /* Sources */,
				A89803D2271DA44100319CD7 /* LazyBird.entitlements */,
			);
			path = LazyBird;
			sourceTree = "<group>";
		};
		A8A44FA6272B0CDE00807BD2 /* Cells */ = {
			isa = PBXGroup;
			children = (
				A83AF09A27295C6900768224 /* CategoryCell.swift */,
				A83AF0A227299CAC00768224 /* EarlyBirdCell.swift */,
			);
			path = Cells;
			sourceTree = "<group>";
		};
		A8DA7EA8271EE32E009976CF /* Resource */ = {
			isa = PBXGroup;
			children = (
				A8DA7F1A2723DC79009976CF /* Fonts */,
				A8DA7F192723DC70009976CF /* Extensions */,
				A89803C3271D952A00319CD7 /* Info.plist */,
				A89803BE271D952A00319CD7 /* Assets.xcassets */,
			);
			path = Resource;
			sourceTree = "<group>";
		};
		A8DA7EBE271F3213009976CF /* Login */ = {
			isa = PBXGroup;
			children = (
				A8DA7EBF271F328C009976CF /* Controllers */,
				A8DA7EC0271F329C009976CF /* Views */,
			);
			path = Login;
			sourceTree = "<group>";
		};
		A8DA7EBF271F328C009976CF /* Controllers */ = {
			isa = PBXGroup;
			children = (
				A89803B9271D952700319CD7 /* LoginViewController.swift */,
			);
			path = Controllers;
			sourceTree = "<group>";
		};
		A8DA7EC0271F329C009976CF /* Views */ = {
			isa = PBXGroup;
			children = (
				A8260648272726BE00939421 /* LogoContainerView.swift */,
				A8DA7EC2271F3413009976CF /* LoginButtonContainerView.swift */,
			);
			path = Views;
			sourceTree = "<group>";
		};
		A8DA7EC5271F3818009976CF /* Network */ = {
			isa = PBXGroup;
			children = (
				A8DA7EC6271F3826009976CF /* Login */,
			);
			path = Network;
			sourceTree = "<group>";
		};
		A8DA7EC6271F3826009976CF /* Login */ = {
			isa = PBXGroup;
			children = (
				A8DA7EC7271F383A009976CF /* KakaoLoginManager.swift */,
				A8DA7ECB271F3B56009976CF /* GoogleLoginManager.swift */,
				A8DA7ECE271F4060009976CF /* AppleLoginManager.swift */,
			);
			path = Login;
			sourceTree = "<group>";
		};
		A8DA7F0B2723500E009976CF /* Applications */ = {
			isa = PBXGroup;
			children = (
				A89803B5271D952700319CD7 /* AppDelegate.swift */,
				A89803B7271D952700319CD7 /* SceneDelegate.swift */,
				A89803C0271D952A00319CD7 /* LaunchScreen.storyboard */,
			);
			path = Applications;
			sourceTree = "<group>";
		};
		A8DA7F192723DC70009976CF /* Extensions */ = {
			isa = PBXGroup;
			children = (
				A82606452727238300939421 /* UIColorExtension.swift */,
			);
			path = Extensions;
			sourceTree = "<group>";
		};
		A8DA7F1A2723DC79009976CF /* Fonts */ = {
			isa = PBXGroup;
			children = (
			);
			path = Fonts;
			sourceTree = "<group>";
		};
		A8DA7F1B2723DCBA009976CF /* Sources */ = {
			isa = PBXGroup;
			children = (
				A83AF0842729289E00768224 /* Scene */,
				A8DA7F1F2723DD07009976CF /* Models */,
			);
			path = Sources;
			sourceTree = "<group>";
		};
		A8DA7F1F2723DD07009976CF /* Models */ = {
			isa = PBXGroup;
			children = (
			);
			path = Models;
			sourceTree = "<group>";
		};
		A8DA7F30272702D5009976CF /* Home */ = {
			isa = PBXGroup;
			children = (
				A8DA7F31272702FA009976CF /* Controllers */,
				A8DA7F3227270305009976CF /* Views */,
				A8A44FA6272B0CDE00807BD2 /* Cells */,
			);
			path = Home;
			sourceTree = "<group>";
		};
		A8DA7F31272702FA009976CF /* Controllers */ = {
			isa = PBXGroup;
			children = (
				A8DA7F3327270344009976CF /* EarlyBirdViewController.swift */,
			);
			path = Controllers;
			sourceTree = "<group>";
		};
		A8DA7F3227270305009976CF /* Views */ = {
			isa = PBXGroup;
			children = (
				A83AF0942729479F00768224 /* TopContainerView.swift */,
				A83AF0972729585C00768224 /* CategoryContainerView.swift */,
				A83AF09F27299B7200768224 /* EarlyBirdContainerView.swift */,
				A8A44FA8272B167A00807BD2 /* CarouselLayout.swift */,
			);
			path = Views;
			sourceTree = "<group>";
		};
		D275028BFDFD0F9FE77C07E0 /* Frameworks */ = {
			isa = PBXGroup;
			children = (
				BBBDEB27AE26B24621A08ACD /* Pods_LazyBird.framework */,
			);
			name = Frameworks;
			sourceTree = "<group>";
		};
/* End PBXGroup section */

/* Begin PBXNativeTarget section */
		A89803B1271D952700319CD7 /* LazyBird */ = {
			isa = PBXNativeTarget;
			buildConfigurationList = A89803C6271D952A00319CD7 /* Build configuration list for PBXNativeTarget "LazyBird" */;
			buildPhases = (
				1BF5BC820F1875D6318687B2 /* [CP] Check Pods Manifest.lock */,
				A89803AE271D952700319CD7 /* Sources */,
				A89803AF271D952700319CD7 /* Frameworks */,
				A89803B0271D952700319CD7 /* Resources */,
				6520CC9E0634F26DCFAE450D /* [CP] Embed Pods Frameworks */,
			);
			buildRules = (
			);
			dependencies = (
			);
			name = LazyBird;
			productName = LazyBird;
			productReference = A89803B2271D952700319CD7 /* LazyBird.app */;
			productType = "com.apple.product-type.application";
		};
/* End PBXNativeTarget section */

/* Begin PBXProject section */
		A89803AA271D952700319CD7 /* Project object */ = {
			isa = PBXProject;
			attributes = {
				LastSwiftUpdateCheck = 1240;
				LastUpgradeCheck = 1240;
				TargetAttributes = {
					A89803B1271D952700319CD7 = {
						CreatedOnToolsVersion = 12.4;
					};
				};
			};
			buildConfigurationList = A89803AD271D952700319CD7 /* Build configuration list for PBXProject "LazyBird" */;
			compatibilityVersion = "Xcode 9.3";
			developmentRegion = en;
			hasScannedForEncodings = 0;
			knownRegions = (
				en,
				Base,
			);
			mainGroup = A89803A9271D952700319CD7;
			productRefGroup = A89803B3271D952700319CD7 /* Products */;
			projectDirPath = "";
			projectRoot = "";
			targets = (
				A89803B1271D952700319CD7 /* LazyBird */,
			);
		};
/* End PBXProject section */

/* Begin PBXResourcesBuildPhase section */
		A89803B0271D952700319CD7 /* Resources */ = {
			isa = PBXResourcesBuildPhase;
			buildActionMask = 2147483647;
			files = (
				A89803C2271D952A00319CD7 /* LaunchScreen.storyboard in Resources */,
				A89803BF271D952A00319CD7 /* Assets.xcassets in Resources */,
			);
			runOnlyForDeploymentPostprocessing = 0;
		};
/* End PBXResourcesBuildPhase section */

/* Begin PBXShellScriptBuildPhase section */
		1BF5BC820F1875D6318687B2 /* [CP] Check Pods Manifest.lock */ = {
			isa = PBXShellScriptBuildPhase;
			buildActionMask = 2147483647;
			files = (
			);
			inputFileListPaths = (
			);
			inputPaths = (
				"${PODS_PODFILE_DIR_PATH}/Podfile.lock",
				"${PODS_ROOT}/Manifest.lock",
			);
			name = "[CP] Check Pods Manifest.lock";
			outputFileListPaths = (
			);
			outputPaths = (
				"$(DERIVED_FILE_DIR)/Pods-LazyBird-checkManifestLockResult.txt",
			);
			runOnlyForDeploymentPostprocessing = 0;
			shellPath = /bin/sh;
			shellScript = "diff \"${PODS_PODFILE_DIR_PATH}/Podfile.lock\" \"${PODS_ROOT}/Manifest.lock\" > /dev/null\nif [ $? != 0 ] ; then\n    # print error to STDERR\n    echo \"error: The sandbox is not in sync with the Podfile.lock. Run 'pod install' or update your CocoaPods installation.\" >&2\n    exit 1\nfi\n# This output is used by Xcode 'outputs' to avoid re-running this script phase.\necho \"SUCCESS\" > \"${SCRIPT_OUTPUT_FILE_0}\"\n";
			showEnvVarsInLog = 0;
		};
		6520CC9E0634F26DCFAE450D /* [CP] Embed Pods Frameworks */ = {
			isa = PBXShellScriptBuildPhase;
			buildActionMask = 2147483647;
			files = (
			);
			inputFileListPaths = (
				"${PODS_ROOT}/Target Support Files/Pods-LazyBird/Pods-LazyBird-frameworks-${CONFIGURATION}-input-files.xcfilelist",
			);
			name = "[CP] Embed Pods Frameworks";
			outputFileListPaths = (
				"${PODS_ROOT}/Target Support Files/Pods-LazyBird/Pods-LazyBird-frameworks-${CONFIGURATION}-output-files.xcfilelist",
			);
			runOnlyForDeploymentPostprocessing = 0;
			shellPath = /bin/sh;
			shellScript = "\"${PODS_ROOT}/Target Support Files/Pods-LazyBird/Pods-LazyBird-frameworks.sh\"\n";
			showEnvVarsInLog = 0;
		};
/* End PBXShellScriptBuildPhase section */

/* Begin PBXSourcesBuildPhase section */
		A89803AE271D952700319CD7 /* Sources */ = {
			isa = PBXSourcesBuildPhase;
			buildActionMask = 2147483647;
			files = (
				A8DA7EC3271F3413009976CF /* LoginButtonContainerView.swift in Sources */,
				A89803BA271D952700319CD7 /* LoginViewController.swift in Sources */,
				A83AF09027292C5200768224 /* TabBarViewController.swift in Sources */,
				A83AF09B27295C6900768224 /* CategoryCell.swift in Sources */,
				A8DA7ECC271F3B56009976CF /* GoogleLoginManager.swift in Sources */,
				A8DA7F3427270344009976CF /* EarlyBirdViewController.swift in Sources */,
				A89803B6271D952700319CD7 /* AppDelegate.swift in Sources */,
				A83AF0952729479F00768224 /* TopContainerView.swift in Sources */,
				A8260649272726BE00939421 /* LogoContainerView.swift in Sources */,
				A83AF0982729585C00768224 /* CategoryContainerView.swift in Sources */,
				A82606462727238300939421 /* UIColorExtension.swift in Sources */,
				A8A44FA9272B167A00807BD2 /* CarouselLayout.swift in Sources */,
				A83AF0A027299B7200768224 /* EarlyBirdContainerView.swift in Sources */,
				A83AF0A327299CAC00768224 /* EarlyBirdCell.swift in Sources */,
				A8DA7EC8271F383A009976CF /* KakaoLoginManager.swift in Sources */,
				A89803B8271D952700319CD7 /* SceneDelegate.swift in Sources */,
				A8DA7ECF271F4060009976CF /* AppleLoginManager.swift in Sources */,
			);
			runOnlyForDeploymentPostprocessing = 0;
		};
/* End PBXSourcesBuildPhase section */

/* Begin PBXVariantGroup section */
		A89803C0271D952A00319CD7 /* LaunchScreen.storyboard */ = {
			isa = PBXVariantGroup;
			children = (
				A89803C1271D952A00319CD7 /* Base */,
			);
			name = LaunchScreen.storyboard;
			sourceTree = "<group>";
		};
/* End PBXVariantGroup section */

/* Begin XCBuildConfiguration section */
		A89803C4271D952A00319CD7 /* Debug */ = {
			isa = XCBuildConfiguration;
			buildSettings = {
				ALWAYS_SEARCH_USER_PATHS = NO;
				CLANG_ANALYZER_NONNULL = YES;
				CLANG_ANALYZER_NUMBER_OBJECT_CONVERSION = YES_AGGRESSIVE;
				CLANG_CXX_LANGUAGE_STANDARD = "gnu++14";
				CLANG_CXX_LIBRARY = "libc++";
				CLANG_ENABLE_MODULES = YES;
				CLANG_ENABLE_OBJC_ARC = YES;
				CLANG_ENABLE_OBJC_WEAK = YES;
				CLANG_WARN_BLOCK_CAPTURE_AUTORELEASING = YES;
				CLANG_WARN_BOOL_CONVERSION = YES;
				CLANG_WARN_COMMA = YES;
				CLANG_WARN_CONSTANT_CONVERSION = YES;
				CLANG_WARN_DEPRECATED_OBJC_IMPLEMENTATIONS = YES;
				CLANG_WARN_DIRECT_OBJC_ISA_USAGE = YES_ERROR;
				CLANG_WARN_DOCUMENTATION_COMMENTS = YES;
				CLANG_WARN_EMPTY_BODY = YES;
				CLANG_WARN_ENUM_CONVERSION = YES;
				CLANG_WARN_INFINITE_RECURSION = YES;
				CLANG_WARN_INT_CONVERSION = YES;
				CLANG_WARN_NON_LITERAL_NULL_CONVERSION = YES;
				CLANG_WARN_OBJC_IMPLICIT_RETAIN_SELF = YES;
				CLANG_WARN_OBJC_LITERAL_CONVERSION = YES;
				CLANG_WARN_OBJC_ROOT_CLASS = YES_ERROR;
				CLANG_WARN_QUOTED_INCLUDE_IN_FRAMEWORK_HEADER = YES;
				CLANG_WARN_RANGE_LOOP_ANALYSIS = YES;
				CLANG_WARN_STRICT_PROTOTYPES = YES;
				CLANG_WARN_SUSPICIOUS_MOVE = YES;
				CLANG_WARN_UNGUARDED_AVAILABILITY = YES_AGGRESSIVE;
				CLANG_WARN_UNREACHABLE_CODE = YES;
				CLANG_WARN__DUPLICATE_METHOD_MATCH = YES;
				COPY_PHASE_STRIP = NO;
				DEBUG_INFORMATION_FORMAT = dwarf;
				ENABLE_STRICT_OBJC_MSGSEND = YES;
				ENABLE_TESTABILITY = YES;
				GCC_C_LANGUAGE_STANDARD = gnu11;
				GCC_DYNAMIC_NO_PIC = NO;
				GCC_NO_COMMON_BLOCKS = YES;
				GCC_OPTIMIZATION_LEVEL = 0;
				GCC_PREPROCESSOR_DEFINITIONS = (
					"DEBUG=1",
					"$(inherited)",
				);
				GCC_WARN_64_TO_32_BIT_CONVERSION = YES;
				GCC_WARN_ABOUT_RETURN_TYPE = YES_ERROR;
				GCC_WARN_UNDECLARED_SELECTOR = YES;
				GCC_WARN_UNINITIALIZED_AUTOS = YES_AGGRESSIVE;
				GCC_WARN_UNUSED_FUNCTION = YES;
				GCC_WARN_UNUSED_VARIABLE = YES;
				IPHONEOS_DEPLOYMENT_TARGET = 13.0;
				MTL_ENABLE_DEBUG_INFO = INCLUDE_SOURCE;
				MTL_FAST_MATH = YES;
				ONLY_ACTIVE_ARCH = YES;
				SDKROOT = iphoneos;
				SWIFT_ACTIVE_COMPILATION_CONDITIONS = DEBUG;
				SWIFT_OPTIMIZATION_LEVEL = "-Onone";
			};
			name = Debug;
		};
		A89803C5271D952A00319CD7 /* Release */ = {
			isa = XCBuildConfiguration;
			buildSettings = {
				ALWAYS_SEARCH_USER_PATHS = NO;
				CLANG_ANALYZER_NONNULL = YES;
				CLANG_ANALYZER_NUMBER_OBJECT_CONVERSION = YES_AGGRESSIVE;
				CLANG_CXX_LANGUAGE_STANDARD = "gnu++14";
				CLANG_CXX_LIBRARY = "libc++";
				CLANG_ENABLE_MODULES = YES;
				CLANG_ENABLE_OBJC_ARC = YES;
				CLANG_ENABLE_OBJC_WEAK = YES;
				CLANG_WARN_BLOCK_CAPTURE_AUTORELEASING = YES;
				CLANG_WARN_BOOL_CONVERSION = YES;
				CLANG_WARN_COMMA = YES;
				CLANG_WARN_CONSTANT_CONVERSION = YES;
				CLANG_WARN_DEPRECATED_OBJC_IMPLEMENTATIONS = YES;
				CLANG_WARN_DIRECT_OBJC_ISA_USAGE = YES_ERROR;
				CLANG_WARN_DOCUMENTATION_COMMENTS = YES;
				CLANG_WARN_EMPTY_BODY = YES;
				CLANG_WARN_ENUM_CONVERSION = YES;
				CLANG_WARN_INFINITE_RECURSION = YES;
				CLANG_WARN_INT_CONVERSION = YES;
				CLANG_WARN_NON_LITERAL_NULL_CONVERSION = YES;
				CLANG_WARN_OBJC_IMPLICIT_RETAIN_SELF = YES;
				CLANG_WARN_OBJC_LITERAL_CONVERSION = YES;
				CLANG_WARN_OBJC_ROOT_CLASS = YES_ERROR;
				CLANG_WARN_QUOTED_INCLUDE_IN_FRAMEWORK_HEADER = YES;
				CLANG_WARN_RANGE_LOOP_ANALYSIS = YES;
				CLANG_WARN_STRICT_PROTOTYPES = YES;
				CLANG_WARN_SUSPICIOUS_MOVE = YES;
				CLANG_WARN_UNGUARDED_AVAILABILITY = YES_AGGRESSIVE;
				CLANG_WARN_UNREACHABLE_CODE = YES;
				CLANG_WARN__DUPLICATE_METHOD_MATCH = YES;
				COPY_PHASE_STRIP = NO;
				DEBUG_INFORMATION_FORMAT = "dwarf-with-dsym";
				ENABLE_NS_ASSERTIONS = NO;
				ENABLE_STRICT_OBJC_MSGSEND = YES;
				GCC_C_LANGUAGE_STANDARD = gnu11;
				GCC_NO_COMMON_BLOCKS = YES;
				GCC_WARN_64_TO_32_BIT_CONVERSION = YES;
				GCC_WARN_ABOUT_RETURN_TYPE = YES_ERROR;
				GCC_WARN_UNDECLARED_SELECTOR = YES;
				GCC_WARN_UNINITIALIZED_AUTOS = YES_AGGRESSIVE;
				GCC_WARN_UNUSED_FUNCTION = YES;
				GCC_WARN_UNUSED_VARIABLE = YES;
				IPHONEOS_DEPLOYMENT_TARGET = 13.0;
				MTL_ENABLE_DEBUG_INFO = NO;
				MTL_FAST_MATH = YES;
				SDKROOT = iphoneos;
				SWIFT_COMPILATION_MODE = wholemodule;
				SWIFT_OPTIMIZATION_LEVEL = "-O";
				VALIDATE_PRODUCT = YES;
			};
			name = Release;
		};
		A89803C7271D952A00319CD7 /* Debug */ = {
			isa = XCBuildConfiguration;
			baseConfigurationReference = 92E82EA07E0F491E4077209A /* Pods-LazyBird.debug.xcconfig */;
			buildSettings = {
				ASSETCATALOG_COMPILER_APPICON_NAME = AppIcon;
				ASSETCATALOG_COMPILER_GLOBAL_ACCENT_COLOR_NAME = AccentColor;
				CODE_SIGN_ENTITLEMENTS = LazyBird/LazyBird.entitlements;
				CODE_SIGN_STYLE = Automatic;
				DEVELOPMENT_TEAM = 69F5355JYF;
				INFOPLIST_FILE = LazyBird/Resource/Info.plist;
				LD_RUNPATH_SEARCH_PATHS = (
					"$(inherited)",
					"@executable_path/Frameworks",
				);
				PRODUCT_BUNDLE_IDENTIFIER = com.soongin.LazyBird;
				PRODUCT_NAME = "$(TARGET_NAME)";
				SWIFT_VERSION = 5.0;
				TARGETED_DEVICE_FAMILY = "1,2";
			};
			name = Debug;
		};
		A89803C8271D952A00319CD7 /* Release */ = {
			isa = XCBuildConfiguration;
			baseConfigurationReference = FB0367A31ABB7DEF9D9DEAD2 /* Pods-LazyBird.release.xcconfig */;
			buildSettings = {
				ASSETCATALOG_COMPILER_APPICON_NAME = AppIcon;
				ASSETCATALOG_COMPILER_GLOBAL_ACCENT_COLOR_NAME = AccentColor;
				CODE_SIGN_ENTITLEMENTS = LazyBird/LazyBird.entitlements;
				CODE_SIGN_IDENTITY = "Apple Development";
				CODE_SIGN_STYLE = Automatic;
				DEVELOPMENT_TEAM = 69F5355JYF;
				INFOPLIST_FILE = LazyBird/Resource/Info.plist;
				LD_RUNPATH_SEARCH_PATHS = (
					"$(inherited)",
					"@executable_path/Frameworks",
				);
				PRODUCT_BUNDLE_IDENTIFIER = com.soongin.LazyBird;
				PRODUCT_NAME = "$(TARGET_NAME)";
				PROVISIONING_PROFILE_SPECIFIER = "";
				SWIFT_VERSION = 5.0;
				TARGETED_DEVICE_FAMILY = "1,2";
			};
			name = Release;
		};
/* End XCBuildConfiguration section */

/* Begin XCConfigurationList section */
		A89803AD271D952700319CD7 /* Build configuration list for PBXProject "LazyBird" */ = {
			isa = XCConfigurationList;
			buildConfigurations = (
				A89803C4271D952A00319CD7 /* Debug */,
				A89803C5271D952A00319CD7 /* Release */,
			);
			defaultConfigurationIsVisible = 0;
			defaultConfigurationName = Release;
		};
		A89803C6271D952A00319CD7 /* Build configuration list for PBXNativeTarget "LazyBird" */ = {
			isa = XCConfigurationList;
			buildConfigurations = (
				A89803C7271D952A00319CD7 /* Debug */,
				A89803C8271D952A00319CD7 /* Release */,
			);
			defaultConfigurationIsVisible = 0;
			defaultConfigurationName = Release;
		};
/* End XCConfigurationList section */
	};
	rootObject = A89803AA271D952700319CD7 /* Project object */;
}
